PODS:
  - AFNetworking (2.5.0):
    - AFNetworking/NSURLConnection (= 2.5.0)
    - AFNetworking/NSURLSession (= 2.5.0)
    - AFNetworking/Reachability (= 2.5.0)
    - AFNetworking/Security (= 2.5.0)
    - AFNetworking/Serialization (= 2.5.0)
    - AFNetworking/UIKit (= 2.5.0)
  - AFNetworking/NSURLConnection (2.5.0):
    - AFNetworking/Reachability
    - AFNetworking/Security
    - AFNetworking/Serialization
  - AFNetworking/NSURLSession (2.5.0):
    - AFNetworking/Reachability
    - AFNetworking/Security
    - AFNetworking/Serialization
  - AFNetworking/Reachability (2.5.0)
  - AFNetworking/Security (2.5.0)
  - AFNetworking/Serialization (2.5.0)
  - AFNetworking/UIKit (2.5.0):
    - AFNetworking/NSURLConnection
    - AFNetworking/NSURLSession
  - hpple (0.2.0)
  - ResearchKit (1.0.0)
  - SVProgressHUD (1.1.2)
  - thrift (0.9.2)

DEPENDENCIES:
  - AFNetworking (~> 2.0)
  - hpple (~> 0.2)
  - ResearchKit (from `https://github.com/ResearchKit/ResearchKit.git`)
  - SVProgressHUD (~> 1.1)
  - thrift (~> 0.9)

EXTERNAL SOURCES:
  ResearchKit:
    :git: https://github.com/ResearchKit/ResearchKit.git

CHECKOUT OPTIONS:
  ResearchKit:
    :commit: f4c30882c744a93f8c925655b5fc693cc820d89b
    :git: https://github.com/ResearchKit/ResearchKit.git

SPEC CHECKSUMS:
  AFNetworking: 96ac9bf3eda33582701cb1fcc5b896aa1e20311e
  hpple: 3b765f96fc2cd56ad1a49aef6f7be5cb2aa64b57
  ResearchKit: 86f9101e2091007006a06999fc2376cc42b2243b
  SVProgressHUD: 3afb875b9eb23acd1bed9b82495695c68621a8b2
  thrift: 54db2dc6b2918a6d38a866232e329e925471ddd6

COCOAPODS: 0.36.4
