// !$*UTF8*$!
{
	archiveVersion = 1;
	classes = {
	};
	objectVersion = 46;
	objects = {

/* Begin PBXBuildFile section */
		B587BB4B70A85033EE7366D2 /* Pods.framework in Frameworks */ = {isa = PBXBuildFile; fileRef = 735ECAE784A1682217E6B502 /* Pods.framework */; settings = {ATTRIBUTES = (Weak, ); }; };
		E906363D1A600DCC0029D090 /* Functional.swift in Sources */ = {isa = PBXBuildFile; fileRef = E906363C1A600DCC0029D090 /* Functional.swift */; };
		E906363F1A6020D40029D090 /* DataHubSink.swift in Sources */ = {isa = PBXBuildFile; fileRef = E906363E1A6020D40029D090 /* DataHubSink.swift */; };
		E909B14E1A44D5260035EC8A /* ConsentViewController.swift in Sources */ = {isa = PBXBuildFile; fileRef = E909B14D1A44D5260035EC8A /* ConsentViewController.swift */; };
		E909B1501A45081E0035EC8A /* consent.html in Resources */ = {isa = PBXBuildFile; fileRef = E909B14F1A45081E0035EC8A /* consent.html */; };
		E91F3AA01A3DE79100081821 /* Ohmage2Client.m in Sources */ = {isa = PBXBuildFile; fileRef = E91F3A9F1A3DE79100081821 /* Ohmage2Client.m */; };
		E92B102A1A363ABA005BFDFE /* MediaPlayer.framework in Frameworks */ = {isa = PBXBuildFile; fileRef = E92B10291A363ABA005BFDFE /* MediaPlayer.framework */; };
		E92B102C1A364F9F005BFDFE /* HomeViewController.swift in Sources */ = {isa = PBXBuildFile; fileRef = E92B102B1A364F9F005BFDFE /* HomeViewController.swift */; };
		E92B102E1A366A66005BFDFE /* QuartzCore.framework in Frameworks */ = {isa = PBXBuildFile; fileRef = E92B102D1A366A66005BFDFE /* QuartzCore.framework */; };
		E92B10301A379B84005BFDFE /* QRangeViewController.swift in Sources */ = {isa = PBXBuildFile; fileRef = E92B102F1A379B84005BFDFE /* QRangeViewController.swift */; };
		E961F0601A40C0F200932EB4 /* DataUploadViewController.swift in Sources */ = {isa = PBXBuildFile; fileRef = E961F05F1A40C0F200932EB4 /* DataUploadViewController.swift */; };
		E961F0621A41126E00932EB4 /* DataHubClient.m in Sources */ = {isa = PBXBuildFile; fileRef = E961F0611A41126E00932EB4 /* DataHubClient.m */; };
		E961F0651A423D2900932EB4 /* MobileCoreServices.framework in Frameworks */ = {isa = PBXBuildFile; fileRef = E961F0641A423D2900932EB4 /* MobileCoreServices.framework */; };
		E961F06B1A4275B400932EB4 /* datahub.m in Sources */ = {isa = PBXBuildFile; fileRef = E961F06A1A4275B400932EB4 /* datahub.m */; };
		E96C64D51A37C70A008A8FDE /* QImgChoiceViewController.swift in Sources */ = {isa = PBXBuildFile; fileRef = E96C64D41A37C70A008A8FDE /* QImgChoiceViewController.swift */; };
		E96C64E11A38B844008A8FDE /* typicons.ttf in Resources */ = {isa = PBXBuildFile; fileRef = E96C64E01A38B844008A8FDE /* typicons.ttf */; };
		E96C64E31A38EA3F008A8FDE /* Answer.swift in Sources */ = {isa = PBXBuildFile; fileRef = E96C64E21A38EA3F008A8FDE /* Answer.swift */; };
		E96C64E51A38EA51008A8FDE /* Response.swift in Sources */ = {isa = PBXBuildFile; fileRef = E96C64E41A38EA51008A8FDE /* Response.swift */; };
		E96C64E71A392E8F008A8FDE /* MediaBrowserViewController.swift in Sources */ = {isa = PBXBuildFile; fileRef = E96C64E61A392E8F008A8FDE /* MediaBrowserViewController.swift */; };
		E9B24AAF1A2FBD9000903FEE /* AppDelegate.swift in Sources */ = {isa = PBXBuildFile; fileRef = E9B24AAE1A2FBD9000903FEE /* AppDelegate.swift */; };
		E9B24AB11A2FBD9000903FEE /* SurveyViewController.swift in Sources */ = {isa = PBXBuildFile; fileRef = E9B24AB01A2FBD9000903FEE /* SurveyViewController.swift */; };
		E9B24AB31A2FBD9000903FEE /* QuestionViewController.swift in Sources */ = {isa = PBXBuildFile; fileRef = E9B24AB21A2FBD9000903FEE /* QuestionViewController.swift */; };
		E9B24AB81A2FBD9000903FEE /* Main.storyboard in Resources */ = {isa = PBXBuildFile; fileRef = E9B24AB61A2FBD9000903FEE /* Main.storyboard */; };
		E9B24ABA1A2FBD9000903FEE /* Images.xcassets in Resources */ = {isa = PBXBuildFile; fileRef = E9B24AB91A2FBD9000903FEE /* Images.xcassets */; };
		E9B24ABD1A2FBD9000903FEE /* LaunchScreen.xib in Resources */ = {isa = PBXBuildFile; fileRef = E9B24ABB1A2FBD9000903FEE /* LaunchScreen.xib */; };
		E9B24AC91A2FBD9000903FEE /* SurveyAppTests.swift in Sources */ = {isa = PBXBuildFile; fileRef = E9B24AC81A2FBD9000903FEE /* SurveyAppTests.swift */; };
		E9B24AD41A32206500903FEE /* Question.swift in Sources */ = {isa = PBXBuildFile; fileRef = E9B24AD31A32206500903FEE /* Question.swift */; };
		E9B24AE31A322E5000903FEE /* Questions.json in Resources */ = {isa = PBXBuildFile; fileRef = E9B24AE21A322E5000903FEE /* Questions.json */; };
		E9B24AE71A32446200903FEE /* Survey.swift in Sources */ = {isa = PBXBuildFile; fileRef = E9B24AE61A32446200903FEE /* Survey.swift */; };
		E9B24AEF1A34C49E00903FEE /* DataStore.swift in Sources */ = {isa = PBXBuildFile; fileRef = E9B24AEE1A34C49E00903FEE /* DataStore.swift */; };
		E9B24AF11A3516B400903FEE /* QTextChoicesViewController.swift in Sources */ = {isa = PBXBuildFile; fileRef = E9B24AF01A3516B400903FEE /* QTextChoicesViewController.swift */; };
		E9B24AF31A36080C00903FEE /* QBoolViewContoller.swift in Sources */ = {isa = PBXBuildFile; fileRef = E9B24AF21A36080C00903FEE /* QBoolViewContoller.swift */; };
		E9B24AF51A361EF600903FEE /* QAudioViewController.swift in Sources */ = {isa = PBXBuildFile; fileRef = E9B24AF41A361EF600903FEE /* QAudioViewController.swift */; };
		E9B24AF71A36225200903FEE /* AVFoundation.framework in Frameworks */ = {isa = PBXBuildFile; fileRef = E9B24AF61A36225200903FEE /* AVFoundation.framework */; };
		E9C169691A55EFEE002F6019 /* sage_cognition0.png in Resources */ = {isa = PBXBuildFile; fileRef = E9C169501A55EFEE002F6019 /* sage_cognition0.png */; };
		E9C1696A1A55EFEE002F6019 /* sage_cognition1.png in Resources */ = {isa = PBXBuildFile; fileRef = E9C169511A55EFEE002F6019 /* sage_cognition1.png */; };
		E9C1696B1A55EFEE002F6019 /* sage_cognition2.png in Resources */ = {isa = PBXBuildFile; fileRef = E9C169521A55EFEE002F6019 /* sage_cognition2.png */; };
		E9C1696C1A55EFEE002F6019 /* sage_cognition3.png in Resources */ = {isa = PBXBuildFile; fileRef = E9C169531A55EFEE002F6019 /* sage_cognition3.png */; };
		E9C1696D1A55EFEE002F6019 /* sage_cognition4.png in Resources */ = {isa = PBXBuildFile; fileRef = E9C169541A55EFEE002F6019 /* sage_cognition4.png */; };
		E9C1696E1A55EFEE002F6019 /* sage_exercise0.png in Resources */ = {isa = PBXBuildFile; fileRef = E9C169551A55EFEE002F6019 /* sage_exercise0.png */; };
		E9C1696F1A55EFEE002F6019 /* sage_exercise1.png in Resources */ = {isa = PBXBuildFile; fileRef = E9C169561A55EFEE002F6019 /* sage_exercise1.png */; };
		E9C169701A55EFEE002F6019 /* sage_exercise2.png in Resources */ = {isa = PBXBuildFile; fileRef = E9C169571A55EFEE002F6019 /* sage_exercise2.png */; };
		E9C169711A55EFEE002F6019 /* sage_exercise3.png in Resources */ = {isa = PBXBuildFile; fileRef = E9C169581A55EFEE002F6019 /* sage_exercise3.png */; };
		E9C169721A55EFEE002F6019 /* sage_exercise4.png in Resources */ = {isa = PBXBuildFile; fileRef = E9C169591A55EFEE002F6019 /* sage_exercise4.png */; };
		E9C169731A55EFEE002F6019 /* sage_fatigue0.png in Resources */ = {isa = PBXBuildFile; fileRef = E9C1695A1A55EFEE002F6019 /* sage_fatigue0.png */; };
		E9C169741A55EFEE002F6019 /* sage_fatigue1.png in Resources */ = {isa = PBXBuildFile; fileRef = E9C1695B1A55EFEE002F6019 /* sage_fatigue1.png */; };
		E9C169751A55EFEE002F6019 /* sage_fatigue2.png in Resources */ = {isa = PBXBuildFile; fileRef = E9C1695C1A55EFEE002F6019 /* sage_fatigue2.png */; };
		E9C169761A55EFEE002F6019 /* sage_fatigue3.png in Resources */ = {isa = PBXBuildFile; fileRef = E9C1695D1A55EFEE002F6019 /* sage_fatigue3.png */; };
		E9C169771A55EFEE002F6019 /* sage_fatigue4.png in Resources */ = {isa = PBXBuildFile; fileRef = E9C1695E1A55EFEE002F6019 /* sage_fatigue4.png */; };
		E9C169781A55EFEE002F6019 /* sage_mood0.png in Resources */ = {isa = PBXBuildFile; fileRef = E9C1695F1A55EFEE002F6019 /* sage_mood0.png */; };
		E9C169791A55EFEE002F6019 /* sage_mood1.png in Resources */ = {isa = PBXBuildFile; fileRef = E9C169601A55EFEE002F6019 /* sage_mood1.png */; };
		E9C1697A1A55EFEE002F6019 /* sage_mood2.png in Resources */ = {isa = PBXBuildFile; fileRef = E9C169611A55EFEE002F6019 /* sage_mood2.png */; };
		E9C1697B1A55EFEE002F6019 /* sage_mood3.png in Resources */ = {isa = PBXBuildFile; fileRef = E9C169621A55EFEE002F6019 /* sage_mood3.png */; };
		E9C1697C1A55EFEE002F6019 /* sage_mood4.png in Resources */ = {isa = PBXBuildFile; fileRef = E9C169631A55EFEE002F6019 /* sage_mood4.png */; };
		E9C1697D1A55EFEE002F6019 /* sage_sleep0.png in Resources */ = {isa = PBXBuildFile; fileRef = E9C169641A55EFEE002F6019 /* sage_sleep0.png */; };
		E9C1697E1A55EFEE002F6019 /* sage_sleep1.png in Resources */ = {isa = PBXBuildFile; fileRef = E9C169651A55EFEE002F6019 /* sage_sleep1.png */; };
		E9C1697F1A55EFEE002F6019 /* sage_sleep2.png in Resources */ = {isa = PBXBuildFile; fileRef = E9C169661A55EFEE002F6019 /* sage_sleep2.png */; };
		E9C169801A55EFEE002F6019 /* sage_sleep3.png in Resources */ = {isa = PBXBuildFile; fileRef = E9C169671A55EFEE002F6019 /* sage_sleep3.png */; };
		E9C169811A55EFEE002F6019 /* sage_sleep4.png in Resources */ = {isa = PBXBuildFile; fileRef = E9C169681A55EFEE002F6019 /* sage_sleep4.png */; };
		E9C169831A56D92A002F6019 /* DataSync.swift in Sources */ = {isa = PBXBuildFile; fileRef = E9C169821A56D92A002F6019 /* DataSync.swift */; };
		E9C169851A56D984002F6019 /* DataSink.swift in Sources */ = {isa = PBXBuildFile; fileRef = E9C169841A56D984002F6019 /* DataSink.swift */; };
		E9EA16E81A3DF24B00010DDD /* Ohmage2Sink.swift in Sources */ = {isa = PBXBuildFile; fileRef = E9EA16E71A3DF24B00010DDD /* Ohmage2Sink.swift */; };
		E9F657821A461D07004FDBCA /* DataHubUI.storyboard in Resources */ = {isa = PBXBuildFile; fileRef = E9F657811A461D07004FDBCA /* DataHubUI.storyboard */; };
		E9F657841A461D2A004FDBCA /* DataHubSetup.swift in Sources */ = {isa = PBXBuildFile; fileRef = E9F657831A461D2A004FDBCA /* DataHubSetup.swift */; };
		E9F657861A49B230004FDBCA /* Campaign.swift in Sources */ = {isa = PBXBuildFile; fileRef = E9F657851A49B230004FDBCA /* Campaign.swift */; };
		E9F657881A49B3C6004FDBCA /* Campaign.json in Resources */ = {isa = PBXBuildFile; fileRef = E9F657871A49B3C6004FDBCA /* Campaign.json */; };
/* End PBXBuildFile section */

/* Begin PBXContainerItemProxy section */
		E9B24AC31A2FBD9000903FEE /* PBXContainerItemProxy */ = {
			isa = PBXContainerItemProxy;
			containerPortal = E9B24AA11A2FBD9000903FEE /* Project object */;
			proxyType = 1;
			remoteGlobalIDString = E9B24AA81A2FBD9000903FEE;
			remoteInfo = SurveyApp;
		};
/* End PBXContainerItemProxy section */

/* Begin PBXFileReference section */
		735ECAE784A1682217E6B502 /* Pods.framework */ = {isa = PBXFileReference; explicitFileType = wrapper.framework; includeInIndex = 0; path = Pods.framework; sourceTree = BUILT_PRODUCTS_DIR; };
		AE3DBFE6C5B04195FF1E4221 /* Pods.release.xcconfig */ = {isa = PBXFileReference; includeInIndex = 1; lastKnownFileType = text.xcconfig; name = Pods.release.xcconfig; path = "Pods/Target Support Files/Pods/Pods.release.xcconfig"; sourceTree = "<group>"; };
		BEDF7E2CE8A08A079A220AE0 /* Pods.debug.xcconfig */ = {isa = PBXFileReference; includeInIndex = 1; lastKnownFileType = text.xcconfig; name = Pods.debug.xcconfig; path = "Pods/Target Support Files/Pods/Pods.debug.xcconfig"; sourceTree = "<group>"; };
		E906363C1A600DCC0029D090 /* Functional.swift */ = {isa = PBXFileReference; fileEncoding = 4; lastKnownFileType = sourcecode.swift; path = Functional.swift; sourceTree = "<group>"; };
		E906363E1A6020D40029D090 /* DataHubSink.swift */ = {isa = PBXFileReference; fileEncoding = 4; lastKnownFileType = sourcecode.swift; path = DataHubSink.swift; sourceTree = "<group>"; };
		E909B14D1A44D5260035EC8A /* ConsentViewController.swift */ = {isa = PBXFileReference; fileEncoding = 4; lastKnownFileType = sourcecode.swift; path = ConsentViewController.swift; sourceTree = "<group>"; };
		E909B14F1A45081E0035EC8A /* consent.html */ = {isa = PBXFileReference; fileEncoding = 4; lastKnownFileType = text.html; name = consent.html; path = Data/consent.html; sourceTree = "<group>"; };
		E91F3A9E1A3DE79000081821 /* SurveyApp-Bridging-Header.h */ = {isa = PBXFileReference; lastKnownFileType = sourcecode.c.h; path = "SurveyApp-Bridging-Header.h"; sourceTree = "<group>"; };
		E91F3A9F1A3DE79100081821 /* Ohmage2Client.m */ = {isa = PBXFileReference; fileEncoding = 4; lastKnownFileType = sourcecode.c.objc; name = Ohmage2Client.m; path = Sinks/Ohmage2/Ohmage2Client.m; sourceTree = "<group>"; };
		E91F3AA31A3DE7D600081821 /* Ohmage2Client.h */ = {isa = PBXFileReference; fileEncoding = 4; lastKnownFileType = sourcecode.c.h; name = Ohmage2Client.h; path = Sinks/Ohmage2/Ohmage2Client.h; sourceTree = "<group>"; };
		E92B10291A363ABA005BFDFE /* MediaPlayer.framework */ = {isa = PBXFileReference; lastKnownFileType = wrapper.framework; name = MediaPlayer.framework; path = System/Library/Frameworks/MediaPlayer.framework; sourceTree = SDKROOT; };
		E92B102B1A364F9F005BFDFE /* HomeViewController.swift */ = {isa = PBXFileReference; fileEncoding = 4; lastKnownFileType = sourcecode.swift; path = HomeViewController.swift; sourceTree = "<group>"; };
		E92B102D1A366A66005BFDFE /* QuartzCore.framework */ = {isa = PBXFileReference; lastKnownFileType = wrapper.framework; name = QuartzCore.framework; path = System/Library/Frameworks/QuartzCore.framework; sourceTree = SDKROOT; };
		E92B102F1A379B84005BFDFE /* QRangeViewController.swift */ = {isa = PBXFileReference; fileEncoding = 4; lastKnownFileType = sourcecode.swift; path = QRangeViewController.swift; sourceTree = "<group>"; };
		E961F05F1A40C0F200932EB4 /* DataUploadViewController.swift */ = {isa = PBXFileReference; fileEncoding = 4; lastKnownFileType = sourcecode.swift; path = DataUploadViewController.swift; sourceTree = "<group>"; };
		E961F0611A41126E00932EB4 /* DataHubClient.m */ = {isa = PBXFileReference; fileEncoding = 4; lastKnownFileType = sourcecode.c.objc; name = DataHubClient.m; path = Sinks/DataHub/DataHubClient.m; sourceTree = "<group>"; };
		E961F0631A41128500932EB4 /* DataHubClient.h */ = {isa = PBXFileReference; fileEncoding = 4; lastKnownFileType = sourcecode.c.h; name = DataHubClient.h; path = Sinks/DataHub/DataHubClient.h; sourceTree = "<group>"; };
		E961F0641A423D2900932EB4 /* MobileCoreServices.framework */ = {isa = PBXFileReference; lastKnownFileType = wrapper.framework; name = MobileCoreServices.framework; path = System/Library/Frameworks/MobileCoreServices.framework; sourceTree = SDKROOT; };
		E961F0691A4275B400932EB4 /* datahub.h */ = {isa = PBXFileReference; fileEncoding = 4; lastKnownFileType = sourcecode.c.h; name = datahub.h; path = "Sinks/DataHub/gen-cocoa/datahub.h"; sourceTree = "<group>"; };
		E961F06A1A4275B400932EB4 /* datahub.m */ = {isa = PBXFileReference; fileEncoding = 4; lastKnownFileType = sourcecode.c.objc; name = datahub.m; path = "Sinks/DataHub/gen-cocoa/datahub.m"; sourceTree = "<group>"; };
		E96C64D41A37C70A008A8FDE /* QImgChoiceViewController.swift */ = {isa = PBXFileReference; fileEncoding = 4; lastKnownFileType = sourcecode.swift; path = QImgChoiceViewController.swift; sourceTree = "<group>"; };
		E96C64E01A38B844008A8FDE /* typicons.ttf */ = {isa = PBXFileReference; lastKnownFileType = file; path = typicons.ttf; sourceTree = "<group>"; };
		E96C64E21A38EA3F008A8FDE /* Answer.swift */ = {isa = PBXFileReference; fileEncoding = 4; lastKnownFileType = sourcecode.swift; name = Answer.swift; path = SurveyApp/Model/Answer.swift; sourceTree = "<group>"; };
		E96C64E41A38EA51008A8FDE /* Response.swift */ = {isa = PBXFileReference; fileEncoding = 4; lastKnownFileType = sourcecode.swift; name = Response.swift; path = SurveyApp/Model/Response.swift; sourceTree = "<group>"; };
		E96C64E61A392E8F008A8FDE /* MediaBrowserViewController.swift */ = {isa = PBXFileReference; fileEncoding = 4; lastKnownFileType = sourcecode.swift; path = MediaBrowserViewController.swift; sourceTree = "<group>"; };
		E9B24AA91A2FBD9000903FEE /* SurveyApp.app */ = {isa = PBXFileReference; explicitFileType = wrapper.application; includeInIndex = 0; path = SurveyApp.app; sourceTree = BUILT_PRODUCTS_DIR; };
		E9B24AAD1A2FBD9000903FEE /* Info.plist */ = {isa = PBXFileReference; lastKnownFileType = text.plist.xml; path = Info.plist; sourceTree = "<group>"; };
		E9B24AAE1A2FBD9000903FEE /* AppDelegate.swift */ = {isa = PBXFileReference; lastKnownFileType = sourcecode.swift; path = AppDelegate.swift; sourceTree = "<group>"; };
		E9B24AB01A2FBD9000903FEE /* SurveyViewController.swift */ = {isa = PBXFileReference; lastKnownFileType = sourcecode.swift; path = SurveyViewController.swift; sourceTree = "<group>"; };
		E9B24AB21A2FBD9000903FEE /* QuestionViewController.swift */ = {isa = PBXFileReference; lastKnownFileType = sourcecode.swift; path = QuestionViewController.swift; sourceTree = "<group>"; };
		E9B24AB71A2FBD9000903FEE /* Base */ = {isa = PBXFileReference; lastKnownFileType = file.storyboard; name = Base; path = Base.lproj/Main.storyboard; sourceTree = "<group>"; };
		E9B24AB91A2FBD9000903FEE /* Images.xcassets */ = {isa = PBXFileReference; lastKnownFileType = folder.assetcatalog; path = Images.xcassets; sourceTree = "<group>"; };
		E9B24ABC1A2FBD9000903FEE /* Base */ = {isa = PBXFileReference; lastKnownFileType = file.xib; name = Base; path = Base.lproj/LaunchScreen.xib; sourceTree = "<group>"; };
		E9B24AC21A2FBD9000903FEE /* SurveyAppTests.xctest */ = {isa = PBXFileReference; explicitFileType = wrapper.cfbundle; includeInIndex = 0; path = SurveyAppTests.xctest; sourceTree = BUILT_PRODUCTS_DIR; };
		E9B24AC71A2FBD9000903FEE /* Info.plist */ = {isa = PBXFileReference; lastKnownFileType = text.plist.xml; path = Info.plist; sourceTree = "<group>"; };
		E9B24AC81A2FBD9000903FEE /* SurveyAppTests.swift */ = {isa = PBXFileReference; lastKnownFileType = sourcecode.swift; path = SurveyAppTests.swift; sourceTree = "<group>"; };
		E9B24AD31A32206500903FEE /* Question.swift */ = {isa = PBXFileReference; fileEncoding = 4; lastKnownFileType = sourcecode.swift; name = Question.swift; path = SurveyApp/Model/Question.swift; sourceTree = "<group>"; };
		E9B24AE21A322E5000903FEE /* Questions.json */ = {isa = PBXFileReference; fileEncoding = 4; lastKnownFileType = text.json; name = Questions.json; path = Data/Questions.json; sourceTree = "<group>"; };
		E9B24AE61A32446200903FEE /* Survey.swift */ = {isa = PBXFileReference; fileEncoding = 4; lastKnownFileType = sourcecode.swift; name = Survey.swift; path = SurveyApp/Model/Survey.swift; sourceTree = "<group>"; };
		E9B24AEE1A34C49E00903FEE /* DataStore.swift */ = {isa = PBXFileReference; fileEncoding = 4; lastKnownFileType = sourcecode.swift; name = DataStore.swift; path = SurveyApp/Model/DataStore.swift; sourceTree = "<group>"; };
		E9B24AF01A3516B400903FEE /* QTextChoicesViewController.swift */ = {isa = PBXFileReference; fileEncoding = 4; lastKnownFileType = sourcecode.swift; path = QTextChoicesViewController.swift; sourceTree = "<group>"; };
		E9B24AF21A36080C00903FEE /* QBoolViewContoller.swift */ = {isa = PBXFileReference; fileEncoding = 4; lastKnownFileType = sourcecode.swift; path = QBoolViewContoller.swift; sourceTree = "<group>"; };
		E9B24AF41A361EF600903FEE /* QAudioViewController.swift */ = {isa = PBXFileReference; fileEncoding = 4; lastKnownFileType = sourcecode.swift; path = QAudioViewController.swift; sourceTree = "<group>"; };
		E9B24AF61A36225200903FEE /* AVFoundation.framework */ = {isa = PBXFileReference; lastKnownFileType = wrapper.framework; name = AVFoundation.framework; path = System/Library/Frameworks/AVFoundation.framework; sourceTree = SDKROOT; };
		E9C169501A55EFEE002F6019 /* sage_cognition0.png */ = {isa = PBXFileReference; lastKnownFileType = image.png; name = sage_cognition0.png; path = "Sage Images/sage_cognition0.png"; sourceTree = SOURCE_ROOT; };
		E9C169511A55EFEE002F6019 /* sage_cognition1.png */ = {isa = PBXFileReference; lastKnownFileType = image.png; name = sage_cognition1.png; path = "Sage Images/sage_cognition1.png"; sourceTree = SOURCE_ROOT; };
		E9C169521A55EFEE002F6019 /* sage_cognition2.png */ = {isa = PBXFileReference; lastKnownFileType = image.png; name = sage_cognition2.png; path = "Sage Images/sage_cognition2.png"; sourceTree = SOURCE_ROOT; };
		E9C169531A55EFEE002F6019 /* sage_cognition3.png */ = {isa = PBXFileReference; lastKnownFileType = image.png; name = sage_cognition3.png; path = "Sage Images/sage_cognition3.png"; sourceTree = SOURCE_ROOT; };
		E9C169541A55EFEE002F6019 /* sage_cognition4.png */ = {isa = PBXFileReference; lastKnownFileType = image.png; name = sage_cognition4.png; path = "Sage Images/sage_cognition4.png"; sourceTree = SOURCE_ROOT; };
		E9C169551A55EFEE002F6019 /* sage_exercise0.png */ = {isa = PBXFileReference; lastKnownFileType = image.png; name = sage_exercise0.png; path = "Sage Images/sage_exercise0.png"; sourceTree = SOURCE_ROOT; };
		E9C169561A55EFEE002F6019 /* sage_exercise1.png */ = {isa = PBXFileReference; lastKnownFileType = image.png; name = sage_exercise1.png; path = "Sage Images/sage_exercise1.png"; sourceTree = SOURCE_ROOT; };
		E9C169571A55EFEE002F6019 /* sage_exercise2.png */ = {isa = PBXFileReference; lastKnownFileType = image.png; name = sage_exercise2.png; path = "Sage Images/sage_exercise2.png"; sourceTree = SOURCE_ROOT; };
		E9C169581A55EFEE002F6019 /* sage_exercise3.png */ = {isa = PBXFileReference; lastKnownFileType = image.png; name = sage_exercise3.png; path = "Sage Images/sage_exercise3.png"; sourceTree = SOURCE_ROOT; };
		E9C169591A55EFEE002F6019 /* sage_exercise4.png */ = {isa = PBXFileReference; lastKnownFileType = image.png; name = sage_exercise4.png; path = "Sage Images/sage_exercise4.png"; sourceTree = SOURCE_ROOT; };
		E9C1695A1A55EFEE002F6019 /* sage_fatigue0.png */ = {isa = PBXFileReference; lastKnownFileType = image.png; name = sage_fatigue0.png; path = "Sage Images/sage_fatigue0.png"; sourceTree = SOURCE_ROOT; };
		E9C1695B1A55EFEE002F6019 /* sage_fatigue1.png */ = {isa = PBXFileReference; lastKnownFileType = image.png; name = sage_fatigue1.png; path = "Sage Images/sage_fatigue1.png"; sourceTree = SOURCE_ROOT; };
		E9C1695C1A55EFEE002F6019 /* sage_fatigue2.png */ = {isa = PBXFileReference; lastKnownFileType = image.png; name = sage_fatigue2.png; path = "Sage Images/sage_fatigue2.png"; sourceTree = SOURCE_ROOT; };
		E9C1695D1A55EFEE002F6019 /* sage_fatigue3.png */ = {isa = PBXFileReference; lastKnownFileType = image.png; name = sage_fatigue3.png; path = "Sage Images/sage_fatigue3.png"; sourceTree = SOURCE_ROOT; };
		E9C1695E1A55EFEE002F6019 /* sage_fatigue4.png */ = {isa = PBXFileReference; lastKnownFileType = image.png; name = sage_fatigue4.png; path = "Sage Images/sage_fatigue4.png"; sourceTree = SOURCE_ROOT; };
		E9C1695F1A55EFEE002F6019 /* sage_mood0.png */ = {isa = PBXFileReference; lastKnownFileType = image.png; name = sage_mood0.png; path = "Sage Images/sage_mood0.png"; sourceTree = SOURCE_ROOT; };
		E9C169601A55EFEE002F6019 /* sage_mood1.png */ = {isa = PBXFileReference; lastKnownFileType = image.png; name = sage_mood1.png; path = "Sage Images/sage_mood1.png"; sourceTree = SOURCE_ROOT; };
		E9C169611A55EFEE002F6019 /* sage_mood2.png */ = {isa = PBXFileReference; lastKnownFileType = image.png; name = sage_mood2.png; path = "Sage Images/sage_mood2.png"; sourceTree = SOURCE_ROOT; };
		E9C169621A55EFEE002F6019 /* sage_mood3.png */ = {isa = PBXFileReference; lastKnownFileType = image.png; name = sage_mood3.png; path = "Sage Images/sage_mood3.png"; sourceTree = SOURCE_ROOT; };
		E9C169631A55EFEE002F6019 /* sage_mood4.png */ = {isa = PBXFileReference; lastKnownFileType = image.png; name = sage_mood4.png; path = "Sage Images/sage_mood4.png"; sourceTree = SOURCE_ROOT; };
		E9C169641A55EFEE002F6019 /* sage_sleep0.png */ = {isa = PBXFileReference; lastKnownFileType = image.png; name = sage_sleep0.png; path = "Sage Images/sage_sleep0.png"; sourceTree = SOURCE_ROOT; };
		E9C169651A55EFEE002F6019 /* sage_sleep1.png */ = {isa = PBXFileReference; lastKnownFileType = image.png; name = sage_sleep1.png; path = "Sage Images/sage_sleep1.png"; sourceTree = SOURCE_ROOT; };
		E9C169661A55EFEE002F6019 /* sage_sleep2.png */ = {isa = PBXFileReference; lastKnownFileType = image.png; name = sage_sleep2.png; path = "Sage Images/sage_sleep2.png"; sourceTree = SOURCE_ROOT; };
		E9C169671A55EFEE002F6019 /* sage_sleep3.png */ = {isa = PBXFileReference; lastKnownFileType = image.png; name = sage_sleep3.png; path = "Sage Images/sage_sleep3.png"; sourceTree = SOURCE_ROOT; };
		E9C169681A55EFEE002F6019 /* sage_sleep4.png */ = {isa = PBXFileReference; lastKnownFileType = image.png; name = sage_sleep4.png; path = "Sage Images/sage_sleep4.png"; sourceTree = SOURCE_ROOT; };
		E9C169821A56D92A002F6019 /* DataSync.swift */ = {isa = PBXFileReference; fileEncoding = 4; lastKnownFileType = sourcecode.swift; path = DataSync.swift; sourceTree = "<group>"; };
		E9C169841A56D984002F6019 /* DataSink.swift */ = {isa = PBXFileReference; fileEncoding = 4; lastKnownFileType = sourcecode.swift; name = DataSink.swift; path = Sinks/DataSink.swift; sourceTree = "<group>"; };
		E9C169861A56E2B6002F6019 /* libcommonCrypto.dylib */ = {isa = PBXFileReference; lastKnownFileType = "compiled.mach-o.dylib"; name = libcommonCrypto.dylib; path = usr/lib/system/libcommonCrypto.dylib; sourceTree = SDKROOT; };
		E9EA16E71A3DF24B00010DDD /* Ohmage2Sink.swift */ = {isa = PBXFileReference; fileEncoding = 4; lastKnownFileType = sourcecode.swift; name = Ohmage2Sink.swift; path = Sinks/Ohmage2/Ohmage2Sink.swift; sourceTree = "<group>"; };
		E9F657811A461D07004FDBCA /* DataHubUI.storyboard */ = {isa = PBXFileReference; fileEncoding = 4; lastKnownFileType = file.storyboard; name = DataHubUI.storyboard; path = Sinks/DataHub/DataHubUI.storyboard; sourceTree = "<group>"; };
		E9F657831A461D2A004FDBCA /* DataHubSetup.swift */ = {isa = PBXFileReference; fileEncoding = 4; lastKnownFileType = sourcecode.swift; path = DataHubSetup.swift; sourceTree = "<group>"; };
		E9F657851A49B230004FDBCA /* Campaign.swift */ = {isa = PBXFileReference; fileEncoding = 4; lastKnownFileType = sourcecode.swift; name = Campaign.swift; path = SurveyApp/Model/Campaign.swift; sourceTree = "<group>"; };
		E9F657871A49B3C6004FDBCA /* Campaign.json */ = {isa = PBXFileReference; fileEncoding = 4; lastKnownFileType = text.json; name = Campaign.json; path = Data/Campaign.json; sourceTree = "<group>"; };
/* End PBXFileReference section */

/* Begin PBXFrameworksBuildPhase section */
		E9B24AA61A2FBD9000903FEE /* Frameworks */ = {
			isa = PBXFrameworksBuildPhase;
			buildActionMask = 2147483647;
			files = (
				E961F0651A423D2900932EB4 /* MobileCoreServices.framework in Frameworks */,
				E92B102E1A366A66005BFDFE /* QuartzCore.framework in Frameworks */,
				E92B102A1A363ABA005BFDFE /* MediaPlayer.framework in Frameworks */,
				E9B24AF71A36225200903FEE /* AVFoundation.framework in Frameworks */,
				B587BB4B70A85033EE7366D2 /* Pods.framework in Frameworks */,
			);
			runOnlyForDeploymentPostprocessing = 0;
		};
		E9B24ABF1A2FBD9000903FEE /* Frameworks */ = {
			isa = PBXFrameworksBuildPhase;
			buildActionMask = 2147483647;
			files = (
			);
			runOnlyForDeploymentPostprocessing = 0;
		};
/* End PBXFrameworksBuildPhase section */

/* Begin PBXGroup section */
		259475211F29E579DE25AA62 /* Frameworks */ = {
			isa = PBXGroup;
			children = (
				E9C169861A56E2B6002F6019 /* libcommonCrypto.dylib */,
				E961F0641A423D2900932EB4 /* MobileCoreServices.framework */,
				735ECAE784A1682217E6B502 /* Pods.framework */,
			);
			name = Frameworks;
			sourceTree = "<group>";
		};
		480CFC6354186974877E9663 /* Pods */ = {
			isa = PBXGroup;
			children = (
				BEDF7E2CE8A08A079A220AE0 /* Pods.debug.xcconfig */,
				AE3DBFE6C5B04195FF1E4221 /* Pods.release.xcconfig */,
			);
			name = Pods;
			sourceTree = "<group>";
		};
		E91F3AA11A3DE7A300081821 /* Sinks */ = {
			isa = PBXGroup;
			children = (
				E961F0691A4275B400932EB4 /* datahub.h */,
				E961F06A1A4275B400932EB4 /* datahub.m */,
				E91F3A9F1A3DE79100081821 /* Ohmage2Client.m */,
				E91F3AA31A3DE7D600081821 /* Ohmage2Client.h */,
				E9EA16E71A3DF24B00010DDD /* Ohmage2Sink.swift */,
				E961F0611A41126E00932EB4 /* DataHubClient.m */,
				E961F0631A41128500932EB4 /* DataHubClient.h */,
				E9F657811A461D07004FDBCA /* DataHubUI.storyboard */,
				E9F657831A461D2A004FDBCA /* DataHubSetup.swift */,
				E9C169841A56D984002F6019 /* DataSink.swift */,
				E906363E1A6020D40029D090 /* DataHubSink.swift */,
			);
			name = Sinks;
			sourceTree = "<group>";
		};
		E9B24AA01A2FBD9000903FEE = {
			isa = PBXGroup;
			children = (
				E9B24AF61A36225200903FEE /* AVFoundation.framework */,
				E92B102D1A366A66005BFDFE /* QuartzCore.framework */,
				E92B10291A363ABA005BFDFE /* MediaPlayer.framework */,
				E9B24AAB1A2FBD9000903FEE /* SurveyApp */,
				E9B24AC51A2FBD9000903FEE /* SurveyAppTests */,
				E9B24AAA1A2FBD9000903FEE /* Products */,
				480CFC6354186974877E9663 /* Pods */,
				259475211F29E579DE25AA62 /* Frameworks */,
			);
			sourceTree = "<group>";
		};
		E9B24AAA1A2FBD9000903FEE /* Products */ = {
			isa = PBXGroup;
			children = (
				E9B24AA91A2FBD9000903FEE /* SurveyApp.app */,
				E9B24AC21A2FBD9000903FEE /* SurveyAppTests.xctest */,
			);
			name = Products;
			sourceTree = "<group>";
		};
		E9B24AAB1A2FBD9000903FEE /* SurveyApp */ = {
			isa = PBXGroup;
			children = (
				E91F3AA11A3DE7A300081821 /* Sinks */,
				E9B24AD21A32202A00903FEE /* Model */,
				E9B24AAE1A2FBD9000903FEE /* AppDelegate.swift */,
				E9C169821A56D92A002F6019 /* DataSync.swift */,
				E906363C1A600DCC0029D090 /* Functional.swift */,
				E909B14D1A44D5260035EC8A /* ConsentViewController.swift */,
				E9B24AB01A2FBD9000903FEE /* SurveyViewController.swift */,
				E92B102B1A364F9F005BFDFE /* HomeViewController.swift */,
				E96C64E61A392E8F008A8FDE /* MediaBrowserViewController.swift */,
				E961F05F1A40C0F200932EB4 /* DataUploadViewController.swift */,
				E9B24AB21A2FBD9000903FEE /* QuestionViewController.swift */,
				E9B24AF41A361EF600903FEE /* QAudioViewController.swift */,
				E9B24AF21A36080C00903FEE /* QBoolViewContoller.swift */,
				E96C64D41A37C70A008A8FDE /* QImgChoiceViewController.swift */,
				E92B102F1A379B84005BFDFE /* QRangeViewController.swift */,
				E9B24AF01A3516B400903FEE /* QTextChoicesViewController.swift */,
				E9B24AB61A2FBD9000903FEE /* Main.storyboard */,
				E9B24AB91A2FBD9000903FEE /* Images.xcassets */,
				E9B24ABB1A2FBD9000903FEE /* LaunchScreen.xib */,
				E9B24AAC1A2FBD9000903FEE /* Supporting Files */,
				E91F3A9E1A3DE79000081821 /* SurveyApp-Bridging-Header.h */,
			);
			path = SurveyApp;
			sourceTree = "<group>";
		};
		E9B24AAC1A2FBD9000903FEE /* Supporting Files */ = {
			isa = PBXGroup;
			children = (
				E9C1694F1A55EFD7002F6019 /* Sage Images */,
				E9F657871A49B3C6004FDBCA /* Campaign.json */,
				E96C64E01A38B844008A8FDE /* typicons.ttf */,
				E9B24AAD1A2FBD9000903FEE /* Info.plist */,
				E9B24AE21A322E5000903FEE /* Questions.json */,
				E909B14F1A45081E0035EC8A /* consent.html */,
			);
			name = "Supporting Files";
			sourceTree = "<group>";
		};
		E9B24AC51A2FBD9000903FEE /* SurveyAppTests */ = {
			isa = PBXGroup;
			children = (
				E9B24AC81A2FBD9000903FEE /* SurveyAppTests.swift */,
				E9B24AC61A2FBD9000903FEE /* Supporting Files */,
			);
			path = SurveyAppTests;
			sourceTree = "<group>";
		};
		E9B24AC61A2FBD9000903FEE /* Supporting Files */ = {
			isa = PBXGroup;
			children = (
				E9B24AC71A2FBD9000903FEE /* Info.plist */,
			);
			name = "Supporting Files";
			sourceTree = "<group>";
		};
		E9B24AD21A32202A00903FEE /* Model */ = {
			isa = PBXGroup;
			children = (
				E9B24AD31A32206500903FEE /* Question.swift */,
				E9B24AE61A32446200903FEE /* Survey.swift */,
				E9B24AEE1A34C49E00903FEE /* DataStore.swift */,
				E96C64E21A38EA3F008A8FDE /* Answer.swift */,
				E96C64E41A38EA51008A8FDE /* Response.swift */,
				E9F657851A49B230004FDBCA /* Campaign.swift */,
			);
			name = Model;
			path = ..;
			sourceTree = "<group>";
		};
		E9C1694F1A55EFD7002F6019 /* Sage Images */ = {
			isa = PBXGroup;
			children = (
				E9C169501A55EFEE002F6019 /* sage_cognition0.png */,
				E9C169511A55EFEE002F6019 /* sage_cognition1.png */,
				E9C169521A55EFEE002F6019 /* sage_cognition2.png */,
				E9C169531A55EFEE002F6019 /* sage_cognition3.png */,
				E9C169541A55EFEE002F6019 /* sage_cognition4.png */,
				E9C169551A55EFEE002F6019 /* sage_exercise0.png */,
				E9C169561A55EFEE002F6019 /* sage_exercise1.png */,
				E9C169571A55EFEE002F6019 /* sage_exercise2.png */,
				E9C169581A55EFEE002F6019 /* sage_exercise3.png */,
				E9C169591A55EFEE002F6019 /* sage_exercise4.png */,
				E9C1695A1A55EFEE002F6019 /* sage_fatigue0.png */,
				E9C1695B1A55EFEE002F6019 /* sage_fatigue1.png */,
				E9C1695C1A55EFEE002F6019 /* sage_fatigue2.png */,
				E9C1695D1A55EFEE002F6019 /* sage_fatigue3.png */,
				E9C1695E1A55EFEE002F6019 /* sage_fatigue4.png */,
				E9C1695F1A55EFEE002F6019 /* sage_mood0.png */,
				E9C169601A55EFEE002F6019 /* sage_mood1.png */,
				E9C169611A55EFEE002F6019 /* sage_mood2.png */,
				E9C169621A55EFEE002F6019 /* sage_mood3.png */,
				E9C169631A55EFEE002F6019 /* sage_mood4.png */,
				E9C169641A55EFEE002F6019 /* sage_sleep0.png */,
				E9C169651A55EFEE002F6019 /* sage_sleep1.png */,
				E9C169661A55EFEE002F6019 /* sage_sleep2.png */,
				E9C169671A55EFEE002F6019 /* sage_sleep3.png */,
				E9C169681A55EFEE002F6019 /* sage_sleep4.png */,
			);
			name = "Sage Images";
			sourceTree = "<group>";
		};
/* End PBXGroup section */

/* Begin PBXNativeTarget section */
		E9B24AA81A2FBD9000903FEE /* SurveyApp */ = {
			isa = PBXNativeTarget;
			buildConfigurationList = E9B24ACC1A2FBD9000903FEE /* Build configuration list for PBXNativeTarget "SurveyApp" */;
			buildPhases = (
				209CE61B4125041A73A75010 /* Check Pods Manifest.lock */,
				E9B24AA51A2FBD9000903FEE /* Sources */,
				E9B24AA61A2FBD9000903FEE /* Frameworks */,
				E9B24AA71A2FBD9000903FEE /* Resources */,
				B43FBCC60F89406CD9EC39C8 /* Copy Pods Resources */,
				D33F0F04496A931BD5039746 /* Embed Pods Frameworks */,
			);
			buildRules = (
			);
			dependencies = (
			);
			name = SurveyApp;
			productName = SurveyApp;
			productReference = E9B24AA91A2FBD9000903FEE /* SurveyApp.app */;
			productType = "com.apple.product-type.application";
		};
		E9B24AC11A2FBD9000903FEE /* SurveyAppTests */ = {
			isa = PBXNativeTarget;
			buildConfigurationList = E9B24ACF1A2FBD9000903FEE /* Build configuration list for PBXNativeTarget "SurveyAppTests" */;
			buildPhases = (
				E9B24ABE1A2FBD9000903FEE /* Sources */,
				E9B24ABF1A2FBD9000903FEE /* Frameworks */,
				E9B24AC01A2FBD9000903FEE /* Resources */,
			);
			buildRules = (
			);
			dependencies = (
				E9B24AC41A2FBD9000903FEE /* PBXTargetDependency */,
			);
			name = SurveyAppTests;
			productName = SurveyAppTests;
			productReference = E9B24AC21A2FBD9000903FEE /* SurveyAppTests.xctest */;
			productType = "com.apple.product-type.bundle.unit-test";
		};
/* End PBXNativeTarget section */

/* Begin PBXProject section */
		E9B24AA11A2FBD9000903FEE /* Project object */ = {
			isa = PBXProject;
			attributes = {
				LastUpgradeCheck = 0610;
				ORGANIZATIONNAME = "Christian Kellner";
				TargetAttributes = {
					E9B24AA81A2FBD9000903FEE = {
						CreatedOnToolsVersion = 6.1.1;
						DevelopmentTeam = 42RKK3EW2J;
					};
					E9B24AC11A2FBD9000903FEE = {
						CreatedOnToolsVersion = 6.1.1;
						TestTargetID = E9B24AA81A2FBD9000903FEE;
					};
				};
			};
			buildConfigurationList = E9B24AA41A2FBD9000903FEE /* Build configuration list for PBXProject "SurveyApp" */;
			compatibilityVersion = "Xcode 3.2";
			developmentRegion = English;
			hasScannedForEncodings = 0;
			knownRegions = (
				en,
				Base,
			);
			mainGroup = E9B24AA01A2FBD9000903FEE;
			productRefGroup = E9B24AAA1A2FBD9000903FEE /* Products */;
			projectDirPath = "";
			projectRoot = "";
			targets = (
				E9B24AA81A2FBD9000903FEE /* SurveyApp */,
				E9B24AC11A2FBD9000903FEE /* SurveyAppTests */,
			);
		};
/* End PBXProject section */

/* Begin PBXResourcesBuildPhase section */
		E9B24AA71A2FBD9000903FEE /* Resources */ = {
			isa = PBXResourcesBuildPhase;
			buildActionMask = 2147483647;
			files = (
				E9C1696B1A55EFEE002F6019 /* sage_cognition2.png in Resources */,
				E9C1697D1A55EFEE002F6019 /* sage_sleep0.png in Resources */,
				E9F657881A49B3C6004FDBCA /* Campaign.json in Resources */,
				E9C1696E1A55EFEE002F6019 /* sage_exercise0.png in Resources */,
				E9C1697A1A55EFEE002F6019 /* sage_mood2.png in Resources */,
				E9C1696C1A55EFEE002F6019 /* sage_cognition3.png in Resources */,
				E9B24AB81A2FBD9000903FEE /* Main.storyboard in Resources */,
				E9C1696F1A55EFEE002F6019 /* sage_exercise1.png in Resources */,
				E9C169731A55EFEE002F6019 /* sage_fatigue0.png in Resources */,
				E9C169761A55EFEE002F6019 /* sage_fatigue3.png in Resources */,
				E9C169791A55EFEE002F6019 /* sage_mood1.png in Resources */,
				E9F657821A461D07004FDBCA /* DataHubUI.storyboard in Resources */,
				E9C1697C1A55EFEE002F6019 /* sage_mood4.png in Resources */,
				E9C169811A55EFEE002F6019 /* sage_sleep4.png in Resources */,
				E9C169801A55EFEE002F6019 /* sage_sleep3.png in Resources */,
				E9C169711A55EFEE002F6019 /* sage_exercise3.png in Resources */,
				E9C169771A55EFEE002F6019 /* sage_fatigue4.png in Resources */,
				E9C1696D1A55EFEE002F6019 /* sage_cognition4.png in Resources */,
				E9C169751A55EFEE002F6019 /* sage_fatigue2.png in Resources */,
				E909B1501A45081E0035EC8A /* consent.html in Resources */,
				E9C1696A1A55EFEE002F6019 /* sage_cognition1.png in Resources */,
				E9C1697E1A55EFEE002F6019 /* sage_sleep1.png in Resources */,
				E9C169781A55EFEE002F6019 /* sage_mood0.png in Resources */,
				E9C1697F1A55EFEE002F6019 /* sage_sleep2.png in Resources */,
				E9B24AE31A322E5000903FEE /* Questions.json in Resources */,
				E9C169741A55EFEE002F6019 /* sage_fatigue1.png in Resources */,
				E9C169691A55EFEE002F6019 /* sage_cognition0.png in Resources */,
				E9B24ABD1A2FBD9000903FEE /* LaunchScreen.xib in Resources */,
				E9C169721A55EFEE002F6019 /* sage_exercise4.png in Resources */,
				E9B24ABA1A2FBD9000903FEE /* Images.xcassets in Resources */,
				E9C1697B1A55EFEE002F6019 /* sage_mood3.png in Resources */,
				E9C169701A55EFEE002F6019 /* sage_exercise2.png in Resources */,
				E96C64E11A38B844008A8FDE /* typicons.ttf in Resources */,
			);
			runOnlyForDeploymentPostprocessing = 0;
		};
		E9B24AC01A2FBD9000903FEE /* Resources */ = {
			isa = PBXResourcesBuildPhase;
			buildActionMask = 2147483647;
			files = (
			);
			runOnlyForDeploymentPostprocessing = 0;
		};
/* End PBXResourcesBuildPhase section */

/* Begin PBXShellScriptBuildPhase section */
		209CE61B4125041A73A75010 /* Check Pods Manifest.lock */ = {
			isa = PBXShellScriptBuildPhase;
			buildActionMask = 2147483647;
			files = (
			);
			inputPaths = (
			);
			name = "Check Pods Manifest.lock";
			outputPaths = (
			);
			runOnlyForDeploymentPostprocessing = 0;
			shellPath = /bin/sh;
			shellScript = "diff \"${PODS_ROOT}/../Podfile.lock\" \"${PODS_ROOT}/Manifest.lock\" > /dev/null\nif [[ $? != 0 ]] ; then\n    cat << EOM\nerror: The sandbox is not in sync with the Podfile.lock. Run 'pod install' or update your CocoaPods installation.\nEOM\n    exit 1\nfi\n";
			showEnvVarsInLog = 0;
		};
		B43FBCC60F89406CD9EC39C8 /* Copy Pods Resources */ = {
			isa = PBXShellScriptBuildPhase;
			buildActionMask = 2147483647;
			files = (
			);
			inputPaths = (
			);
			name = "Copy Pods Resources";
			outputPaths = (
			);
			runOnlyForDeploymentPostprocessing = 0;
			shellPath = /bin/sh;
			shellScript = "\"${SRCROOT}/Pods/Target Support Files/Pods/Pods-resources.sh\"\n";
			showEnvVarsInLog = 0;
		};
		D33F0F04496A931BD5039746 /* Embed Pods Frameworks */ = {
			isa = PBXShellScriptBuildPhase;
			buildActionMask = 2147483647;
			files = (
			);
			inputPaths = (
			);
			name = "Embed Pods Frameworks";
			outputPaths = (
			);
			runOnlyForDeploymentPostprocessing = 0;
			shellPath = /bin/sh;
			shellScript = "\"${SRCROOT}/Pods/Target Support Files/Pods/Pods-frameworks.sh\"\n";
			showEnvVarsInLog = 0;
		};
/* End PBXShellScriptBuildPhase section */

/* Begin PBXSourcesBuildPhase section */
		E9B24AA51A2FBD9000903FEE /* Sources */ = {
			isa = PBXSourcesBuildPhase;
			buildActionMask = 2147483647;
			files = (
				E909B14E1A44D5260035EC8A /* ConsentViewController.swift in Sources */,
				E9B24AD41A32206500903FEE /* Question.swift in Sources */,
				E96C64E71A392E8F008A8FDE /* MediaBrowserViewController.swift in Sources */,
				E91F3AA01A3DE79100081821 /* Ohmage2Client.m in Sources */,
				E9B24AEF1A34C49E00903FEE /* DataStore.swift in Sources */,
				E906363F1A6020D40029D090 /* DataHubSink.swift in Sources */,
				E9B24AB11A2FBD9000903FEE /* SurveyViewController.swift in Sources */,
				E92B10301A379B84005BFDFE /* QRangeViewController.swift in Sources */,
				E9C169831A56D92A002F6019 /* DataSync.swift in Sources */,
				E9B24AE71A32446200903FEE /* Survey.swift in Sources */,
				E9B24AB31A2FBD9000903FEE /* QuestionViewController.swift in Sources */,
				E9B24AF31A36080C00903FEE /* QBoolViewContoller.swift in Sources */,
				E96C64E51A38EA51008A8FDE /* Response.swift in Sources */,
				E9B24AF51A361EF600903FEE /* QAudioViewController.swift in Sources */,
				E9EA16E81A3DF24B00010DDD /* Ohmage2Sink.swift in Sources */,
				E9F657841A461D2A004FDBCA /* DataHubSetup.swift in Sources */,
				E9C169851A56D984002F6019 /* DataSink.swift in Sources */,
				E9B24AAF1A2FBD9000903FEE /* AppDelegate.swift in Sources */,
				E9B24AF11A3516B400903FEE /* QTextChoicesViewController.swift in Sources */,
				E96C64E31A38EA3F008A8FDE /* Answer.swift in Sources */,
				E961F06B1A4275B400932EB4 /* datahub.m in Sources */,
				E906363D1A600DCC0029D090 /* Functional.swift in Sources */,
				E961F0601A40C0F200932EB4 /* DataUploadViewController.swift in Sources */,
				E961F0621A41126E00932EB4 /* DataHubClient.m in Sources */,
				E92B102C1A364F9F005BFDFE /* HomeViewController.swift in Sources */,
				E9F657861A49B230004FDBCA /* Campaign.swift in Sources */,
				E96C64D51A37C70A008A8FDE /* QImgChoiceViewController.swift in Sources */,
			);
			runOnlyForDeploymentPostprocessing = 0;
		};
		E9B24ABE1A2FBD9000903FEE /* Sources */ = {
			isa = PBXSourcesBuildPhase;
			buildActionMask = 2147483647;
			files = (
				E9B24AC91A2FBD9000903FEE /* SurveyAppTests.swift in Sources */,
			);
			runOnlyForDeploymentPostprocessing = 0;
		};
/* End PBXSourcesBuildPhase section */

/* Begin PBXTargetDependency section */
		E9B24AC41A2FBD9000903FEE /* PBXTargetDependency */ = {
			isa = PBXTargetDependency;
			target = E9B24AA81A2FBD9000903FEE /* SurveyApp */;
			targetProxy = E9B24AC31A2FBD9000903FEE /* PBXContainerItemProxy */;
		};
/* End PBXTargetDependency section */

/* Begin PBXVariantGroup section */
		E9B24AB61A2FBD9000903FEE /* Main.storyboard */ = {
			isa = PBXVariantGroup;
			children = (
				E9B24AB71A2FBD9000903FEE /* Base */,
			);
			name = Main.storyboard;
			sourceTree = "<group>";
		};
		E9B24ABB1A2FBD9000903FEE /* LaunchScreen.xib */ = {
			isa = PBXVariantGroup;
			children = (
				E9B24ABC1A2FBD9000903FEE /* Base */,
			);
			name = LaunchScreen.xib;
			sourceTree = "<group>";
		};
/* End PBXVariantGroup section */

/* Begin XCBuildConfiguration section */
		E9B24ACA1A2FBD9000903FEE /* Debug */ = {
			isa = XCBuildConfiguration;
			buildSettings = {
				ALWAYS_SEARCH_USER_PATHS = NO;
				CLANG_CXX_LANGUAGE_STANDARD = "gnu++0x";
				CLANG_CXX_LIBRARY = "libc++";
				CLANG_ENABLE_MODULES = YES;
				CLANG_ENABLE_OBJC_ARC = YES;
				CLANG_WARN_BOOL_CONVERSION = YES;
				CLANG_WARN_CONSTANT_CONVERSION = YES;
				CLANG_WARN_DIRECT_OBJC_ISA_USAGE = YES_ERROR;
				CLANG_WARN_EMPTY_BODY = YES;
				CLANG_WARN_ENUM_CONVERSION = YES;
				CLANG_WARN_INT_CONVERSION = YES;
				CLANG_WARN_OBJC_ROOT_CLASS = YES_ERROR;
				CLANG_WARN_UNREACHABLE_CODE = YES;
				CLANG_WARN__DUPLICATE_METHOD_MATCH = YES;
				"CODE_SIGN_IDENTITY[sdk=iphoneos*]" = "iPhone Developer";
				COPY_PHASE_STRIP = NO;
				ENABLE_STRICT_OBJC_MSGSEND = YES;
				GCC_C_LANGUAGE_STANDARD = gnu99;
				GCC_DYNAMIC_NO_PIC = NO;
				GCC_OPTIMIZATION_LEVEL = 0;
				GCC_PREPROCESSOR_DEFINITIONS = (
					"DEBUG=1",
					"$(inherited)",
				);
				GCC_SYMBOLS_PRIVATE_EXTERN = NO;
				GCC_WARN_64_TO_32_BIT_CONVERSION = YES;
				GCC_WARN_ABOUT_RETURN_TYPE = YES_ERROR;
				GCC_WARN_UNDECLARED_SELECTOR = YES;
				GCC_WARN_UNINITIALIZED_AUTOS = YES_AGGRESSIVE;
				GCC_WARN_UNUSED_FUNCTION = YES;
				GCC_WARN_UNUSED_VARIABLE = YES;
				IPHONEOS_DEPLOYMENT_TARGET = 8.0;
				MTL_ENABLE_DEBUG_INFO = YES;
				ONLY_ACTIVE_ARCH = YES;
				SDKROOT = iphoneos;
				SWIFT_OPTIMIZATION_LEVEL = "-Onone";
				TARGETED_DEVICE_FAMILY = "1,2";
			};
			name = Debug;
		};
		E9B24ACB1A2FBD9000903FEE /* Release */ = {
			isa = XCBuildConfiguration;
			buildSettings = {
				ALWAYS_SEARCH_USER_PATHS = NO;
				CLANG_CXX_LANGUAGE_STANDARD = "gnu++0x";
				CLANG_CXX_LIBRARY = "libc++";
				CLANG_ENABLE_MODULES = YES;
				CLANG_ENABLE_OBJC_ARC = YES;
				CLANG_WARN_BOOL_CONVERSION = YES;
				CLANG_WARN_CONSTANT_CONVERSION = YES;
				CLANG_WARN_DIRECT_OBJC_ISA_USAGE = YES_ERROR;
				CLANG_WARN_EMPTY_BODY = YES;
				CLANG_WARN_ENUM_CONVERSION = YES;
				CLANG_WARN_INT_CONVERSION = YES;
				CLANG_WARN_OBJC_ROOT_CLASS = YES_ERROR;
				CLANG_WARN_UNREACHABLE_CODE = YES;
				CLANG_WARN__DUPLICATE_METHOD_MATCH = YES;
				"CODE_SIGN_IDENTITY[sdk=iphoneos*]" = "iPhone Developer";
				COPY_PHASE_STRIP = YES;
				ENABLE_NS_ASSERTIONS = NO;
				ENABLE_STRICT_OBJC_MSGSEND = YES;
				GCC_C_LANGUAGE_STANDARD = gnu99;
				GCC_WARN_64_TO_32_BIT_CONVERSION = YES;
				GCC_WARN_ABOUT_RETURN_TYPE = YES_ERROR;
				GCC_WARN_UNDECLARED_SELECTOR = YES;
				GCC_WARN_UNINITIALIZED_AUTOS = YES_AGGRESSIVE;
				GCC_WARN_UNUSED_FUNCTION = YES;
				GCC_WARN_UNUSED_VARIABLE = YES;
				IPHONEOS_DEPLOYMENT_TARGET = 8.0;
				MTL_ENABLE_DEBUG_INFO = NO;
				SDKROOT = iphoneos;
				TARGETED_DEVICE_FAMILY = "1,2";
				VALIDATE_PRODUCT = YES;
			};
			name = Release;
		};
		E9B24ACD1A2FBD9000903FEE /* Debug */ = {
			isa = XCBuildConfiguration;
			baseConfigurationReference = BEDF7E2CE8A08A079A220AE0 /* Pods.debug.xcconfig */;
			buildSettings = {
				ASSETCATALOG_COMPILER_APPICON_NAME = AppIcon;
				CLANG_ENABLE_MODULES = YES;
				CODE_SIGN_IDENTITY = "iPhone Developer";
				"CODE_SIGN_IDENTITY[sdk=iphoneos*]" = "iPhone Developer";
				INFOPLIST_FILE = SurveyApp/Info.plist;
				IPHONEOS_DEPLOYMENT_TARGET = 8.0;
				LD_RUNPATH_SEARCH_PATHS = "$(inherited) @executable_path/Frameworks";
				LIBRARY_SEARCH_PATHS = (
					"$(inherited)",
					"$(SDKROOT)/usr/lib/system",
				);
				PRODUCT_NAME = "$(TARGET_NAME)";
				PROVISIONING_PROFILE = "";
				SWIFT_OBJC_BRIDGING_HEADER = "SurveyApp/SurveyApp-Bridging-Header.h";
				SWIFT_OPTIMIZATION_LEVEL = "-Onone";
			};
			name = Debug;
		};
		E9B24ACE1A2FBD9000903FEE /* Release */ = {
			isa = XCBuildConfiguration;
			baseConfigurationReference = AE3DBFE6C5B04195FF1E4221 /* Pods.release.xcconfig */;
			buildSettings = {
				ASSETCATALOG_COMPILER_APPICON_NAME = AppIcon;
				CLANG_ENABLE_MODULES = YES;
				CODE_SIGN_IDENTITY = "iPhone Developer";
				"CODE_SIGN_IDENTITY[sdk=iphoneos*]" = "iPhone Developer";
				INFOPLIST_FILE = SurveyApp/Info.plist;
				IPHONEOS_DEPLOYMENT_TARGET = 8.0;
				LD_RUNPATH_SEARCH_PATHS = "$(inherited) @executable_path/Frameworks";
				LIBRARY_SEARCH_PATHS = (
					"$(inherited)",
					"$(SDKROOT)/usr/lib/system",
				);
				PRODUCT_NAME = "$(TARGET_NAME)";
				PROVISIONING_PROFILE = "";
				SWIFT_OBJC_BRIDGING_HEADER = "SurveyApp/SurveyApp-Bridging-Header.h";
			};
			name = Release;
		};
		E9B24AD01A2FBD9000903FEE /* Debug */ = {
			isa = XCBuildConfiguration;
			buildSettings = {
				BUNDLE_LOADER = "$(TEST_HOST)";
				FRAMEWORK_SEARCH_PATHS = (
					"$(SDKROOT)/Developer/Library/Frameworks",
					"$(inherited)",
				);
				GCC_PREPROCESSOR_DEFINITIONS = (
					"DEBUG=1",
					"$(inherited)",
				);
				INFOPLIST_FILE = SurveyAppTests/Info.plist;
				LD_RUNPATH_SEARCH_PATHS = "$(inherited) @executable_path/Frameworks @loader_path/Frameworks";
				PRODUCT_NAME = "$(TARGET_NAME)";
				TEST_HOST = "$(BUILT_PRODUCTS_DIR)/SurveyApp.app/SurveyApp";
			};
			name = Debug;
		};
		E9B24AD11A2FBD9000903FEE /* Release */ = {
			isa = XCBuildConfiguration;
			buildSettings = {
				BUNDLE_LOADER = "$(TEST_HOST)";
				FRAMEWORK_SEARCH_PATHS = (
					"$(SDKROOT)/Developer/Library/Frameworks",
					"$(inherited)",
				);
				INFOPLIST_FILE = SurveyAppTests/Info.plist;
				LD_RUNPATH_SEARCH_PATHS = "$(inherited) @executable_path/Frameworks @loader_path/Frameworks";
				PRODUCT_NAME = "$(TARGET_NAME)";
				TEST_HOST = "$(BUILT_PRODUCTS_DIR)/SurveyApp.app/SurveyApp";
			};
			name = Release;
		};
/* End XCBuildConfiguration section */

/* Begin XCConfigurationList section */
		E9B24AA41A2FBD9000903FEE /* Build configuration list for PBXProject "SurveyApp" */ = {
			isa = XCConfigurationList;
			buildConfigurations = (
				E9B24ACA1A2FBD9000903FEE /* Debug */,
				E9B24ACB1A2FBD9000903FEE /* Release */,
			);
			defaultConfigurationIsVisible = 0;
			defaultConfigurationName = Release;
		};
		E9B24ACC1A2FBD9000903FEE /* Build configuration list for PBXNativeTarget "SurveyApp" */ = {
			isa = XCConfigurationList;
			buildConfigurations = (
				E9B24ACD1A2FBD9000903FEE /* Debug */,
				E9B24ACE1A2FBD9000903FEE /* Release */,
			);
			defaultConfigurationIsVisible = 0;
			defaultConfigurationName = Release;
		};
		E9B24ACF1A2FBD9000903FEE /* Build configuration list for PBXNativeTarget "SurveyAppTests" */ = {
			isa = XCConfigurationList;
			buildConfigurations = (
				E9B24AD01A2FBD9000903FEE /* Debug */,
				E9B24AD11A2FBD9000903FEE /* Release */,
			);
			defaultConfigurationIsVisible = 0;
			defaultConfigurationName = Release;
		};
/* End XCConfigurationList section */
	};
	rootObject = E9B24AA11A2FBD9000903FEE /* Project object */;
}
