// !$*UTF8*$!
{
	archiveVersion = 1;
	classes = {
	};
	objectVersion = 46;
	objects = {

/* Begin PBXBuildFile section */
		DCC89C76E6AE9D432C78CDCF /* libPods.a in Frameworks */ = {isa = PBXBuildFile; fileRef = 86E4080ED3DC4AA4306B0CD1 /* libPods.a */; };
		E91F3AA01A3DE79100081821 /* Ohmage2Client.m in Sources */ = {isa = PBXBuildFile; fileRef = E91F3A9F1A3DE79100081821 /* Ohmage2Client.m */; };
		E92B102A1A363ABA005BFDFE /* MediaPlayer.framework in Frameworks */ = {isa = PBXBuildFile; fileRef = E92B10291A363ABA005BFDFE /* MediaPlayer.framework */; };
		E92B102C1A364F9F005BFDFE /* HomeViewController.swift in Sources */ = {isa = PBXBuildFile; fileRef = E92B102B1A364F9F005BFDFE /* HomeViewController.swift */; };
		E92B102E1A366A66005BFDFE /* QuartzCore.framework in Frameworks */ = {isa = PBXBuildFile; fileRef = E92B102D1A366A66005BFDFE /* QuartzCore.framework */; };
		E92B10301A379B84005BFDFE /* QRangeViewController.swift in Sources */ = {isa = PBXBuildFile; fileRef = E92B102F1A379B84005BFDFE /* QRangeViewController.swift */; };
		E961F0601A40C0F200932EB4 /* DataUploadViewController.swift in Sources */ = {isa = PBXBuildFile; fileRef = E961F05F1A40C0F200932EB4 /* DataUploadViewController.swift */; };
		E96C64D51A37C70A008A8FDE /* QImgChoiceViewController.swift in Sources */ = {isa = PBXBuildFile; fileRef = E96C64D41A37C70A008A8FDE /* QImgChoiceViewController.swift */; };
		E96C64DB1A37CBC9008A8FDE /* sage_fatigue0.png in Resources */ = {isa = PBXBuildFile; fileRef = E96C64D61A37CBC9008A8FDE /* sage_fatigue0.png */; };
		E96C64DC1A37CBC9008A8FDE /* sage_fatigue1.png in Resources */ = {isa = PBXBuildFile; fileRef = E96C64D71A37CBC9008A8FDE /* sage_fatigue1.png */; };
		E96C64DD1A37CBC9008A8FDE /* sage_fatigue2.png in Resources */ = {isa = PBXBuildFile; fileRef = E96C64D81A37CBC9008A8FDE /* sage_fatigue2.png */; };
		E96C64DE1A37CBC9008A8FDE /* sage_fatigue3.png in Resources */ = {isa = PBXBuildFile; fileRef = E96C64D91A37CBC9008A8FDE /* sage_fatigue3.png */; };
		E96C64DF1A37CBC9008A8FDE /* sage_fatigue4.png in Resources */ = {isa = PBXBuildFile; fileRef = E96C64DA1A37CBC9008A8FDE /* sage_fatigue4.png */; };
		E96C64E11A38B844008A8FDE /* typicons.ttf in Resources */ = {isa = PBXBuildFile; fileRef = E96C64E01A38B844008A8FDE /* typicons.ttf */; };
		E96C64E31A38EA3F008A8FDE /* Answer.swift in Sources */ = {isa = PBXBuildFile; fileRef = E96C64E21A38EA3F008A8FDE /* Answer.swift */; };
		E96C64E51A38EA51008A8FDE /* Response.swift in Sources */ = {isa = PBXBuildFile; fileRef = E96C64E41A38EA51008A8FDE /* Response.swift */; };
		E96C64E71A392E8F008A8FDE /* MediaBrowserViewController.swift in Sources */ = {isa = PBXBuildFile; fileRef = E96C64E61A392E8F008A8FDE /* MediaBrowserViewController.swift */; };
		E9B24AAF1A2FBD9000903FEE /* AppDelegate.swift in Sources */ = {isa = PBXBuildFile; fileRef = E9B24AAE1A2FBD9000903FEE /* AppDelegate.swift */; };
		E9B24AB11A2FBD9000903FEE /* SurveyViewController.swift in Sources */ = {isa = PBXBuildFile; fileRef = E9B24AB01A2FBD9000903FEE /* SurveyViewController.swift */; };
		E9B24AB31A2FBD9000903FEE /* QuestionViewController.swift in Sources */ = {isa = PBXBuildFile; fileRef = E9B24AB21A2FBD9000903FEE /* QuestionViewController.swift */; };
		E9B24AB81A2FBD9000903FEE /* Main.storyboard in Resources */ = {isa = PBXBuildFile; fileRef = E9B24AB61A2FBD9000903FEE /* Main.storyboard */; };
		E9B24ABA1A2FBD9000903FEE /* Images.xcassets in Resources */ = {isa = PBXBuildFile; fileRef = E9B24AB91A2FBD9000903FEE /* Images.xcassets */; };
		E9B24ABD1A2FBD9000903FEE /* LaunchScreen.xib in Resources */ = {isa = PBXBuildFile; fileRef = E9B24ABB1A2FBD9000903FEE /* LaunchScreen.xib */; };
		E9B24AC91A2FBD9000903FEE /* SurveyAppTests.swift in Sources */ = {isa = PBXBuildFile; fileRef = E9B24AC81A2FBD9000903FEE /* SurveyAppTests.swift */; };
		E9B24AD41A32206500903FEE /* Question.swift in Sources */ = {isa = PBXBuildFile; fileRef = E9B24AD31A32206500903FEE /* Question.swift */; };
		E9B24AE31A322E5000903FEE /* Questions.json in Resources */ = {isa = PBXBuildFile; fileRef = E9B24AE21A322E5000903FEE /* Questions.json */; };
		E9B24AE71A32446200903FEE /* Survey.swift in Sources */ = {isa = PBXBuildFile; fileRef = E9B24AE61A32446200903FEE /* Survey.swift */; };
		E9B24AEF1A34C49E00903FEE /* DataStore.swift in Sources */ = {isa = PBXBuildFile; fileRef = E9B24AEE1A34C49E00903FEE /* DataStore.swift */; };
		E9B24AF11A3516B400903FEE /* QTextChoicesViewController.swift in Sources */ = {isa = PBXBuildFile; fileRef = E9B24AF01A3516B400903FEE /* QTextChoicesViewController.swift */; };
		E9B24AF31A36080C00903FEE /* QBoolViewContoller.swift in Sources */ = {isa = PBXBuildFile; fileRef = E9B24AF21A36080C00903FEE /* QBoolViewContoller.swift */; };
		E9B24AF51A361EF600903FEE /* QAudioViewController.swift in Sources */ = {isa = PBXBuildFile; fileRef = E9B24AF41A361EF600903FEE /* QAudioViewController.swift */; };
		E9B24AF71A36225200903FEE /* AVFoundation.framework in Frameworks */ = {isa = PBXBuildFile; fileRef = E9B24AF61A36225200903FEE /* AVFoundation.framework */; };
		E9B24AFE1A362CD500903FEE /* Alamofire.swift in Sources */ = {isa = PBXBuildFile; fileRef = E9B24AFD1A362CD500903FEE /* Alamofire.swift */; };
		E9B24B011A362CE900903FEE /* SwiftyJSON.swift in Sources */ = {isa = PBXBuildFile; fileRef = E9B24B001A362CE900903FEE /* SwiftyJSON.swift */; };
		E9EA16E81A3DF24B00010DDD /* Ohmage2Sink.swift in Sources */ = {isa = PBXBuildFile; fileRef = E9EA16E71A3DF24B00010DDD /* Ohmage2Sink.swift */; };
/* End PBXBuildFile section */

/* Begin PBXContainerItemProxy section */
		E9B24AC31A2FBD9000903FEE /* PBXContainerItemProxy */ = {
			isa = PBXContainerItemProxy;
			containerPortal = E9B24AA11A2FBD9000903FEE /* Project object */;
			proxyType = 1;
			remoteGlobalIDString = E9B24AA81A2FBD9000903FEE;
			remoteInfo = SurveyApp;
		};
/* End PBXContainerItemProxy section */

/* Begin PBXFileReference section */
		86E4080ED3DC4AA4306B0CD1 /* libPods.a */ = {isa = PBXFileReference; explicitFileType = archive.ar; includeInIndex = 0; path = libPods.a; sourceTree = BUILT_PRODUCTS_DIR; };
		AE3DBFE6C5B04195FF1E4221 /* Pods.release.xcconfig */ = {isa = PBXFileReference; includeInIndex = 1; lastKnownFileType = text.xcconfig; name = Pods.release.xcconfig; path = "Pods/Target Support Files/Pods/Pods.release.xcconfig"; sourceTree = "<group>"; };
		BEDF7E2CE8A08A079A220AE0 /* Pods.debug.xcconfig */ = {isa = PBXFileReference; includeInIndex = 1; lastKnownFileType = text.xcconfig; name = Pods.debug.xcconfig; path = "Pods/Target Support Files/Pods/Pods.debug.xcconfig"; sourceTree = "<group>"; };
		E91F3A9E1A3DE79000081821 /* SurveyApp-Bridging-Header.h */ = {isa = PBXFileReference; lastKnownFileType = sourcecode.c.h; path = "SurveyApp-Bridging-Header.h"; sourceTree = "<group>"; };
		E91F3A9F1A3DE79100081821 /* Ohmage2Client.m */ = {isa = PBXFileReference; fileEncoding = 4; lastKnownFileType = sourcecode.c.objc; name = Ohmage2Client.m; path = Sinks/Ohmage2/Ohmage2Client.m; sourceTree = "<group>"; };
		E91F3AA31A3DE7D600081821 /* Ohmage2Client.h */ = {isa = PBXFileReference; fileEncoding = 4; lastKnownFileType = sourcecode.c.h; name = Ohmage2Client.h; path = Sinks/Ohmage2/Ohmage2Client.h; sourceTree = "<group>"; };
		E92B10291A363ABA005BFDFE /* MediaPlayer.framework */ = {isa = PBXFileReference; lastKnownFileType = wrapper.framework; name = MediaPlayer.framework; path = System/Library/Frameworks/MediaPlayer.framework; sourceTree = SDKROOT; };
		E92B102B1A364F9F005BFDFE /* HomeViewController.swift */ = {isa = PBXFileReference; fileEncoding = 4; lastKnownFileType = sourcecode.swift; path = HomeViewController.swift; sourceTree = "<group>"; };
		E92B102D1A366A66005BFDFE /* QuartzCore.framework */ = {isa = PBXFileReference; lastKnownFileType = wrapper.framework; name = QuartzCore.framework; path = System/Library/Frameworks/QuartzCore.framework; sourceTree = SDKROOT; };
		E92B102F1A379B84005BFDFE /* QRangeViewController.swift */ = {isa = PBXFileReference; fileEncoding = 4; lastKnownFileType = sourcecode.swift; path = QRangeViewController.swift; sourceTree = "<group>"; };
		E961F05F1A40C0F200932EB4 /* DataUploadViewController.swift */ = {isa = PBXFileReference; fileEncoding = 4; lastKnownFileType = sourcecode.swift; path = DataUploadViewController.swift; sourceTree = "<group>"; };
		E96C64D41A37C70A008A8FDE /* QImgChoiceViewController.swift */ = {isa = PBXFileReference; fileEncoding = 4; lastKnownFileType = sourcecode.swift; path = QImgChoiceViewController.swift; sourceTree = "<group>"; };
		E96C64D61A37CBC9008A8FDE /* sage_fatigue0.png */ = {isa = PBXFileReference; lastKnownFileType = image.png; name = sage_fatigue0.png; path = ../../../../Downloads/sage_moodquestions/sage_fatigue0.png; sourceTree = "<group>"; };
		E96C64D71A37CBC9008A8FDE /* sage_fatigue1.png */ = {isa = PBXFileReference; lastKnownFileType = image.png; name = sage_fatigue1.png; path = ../../../../Downloads/sage_moodquestions/sage_fatigue1.png; sourceTree = "<group>"; };
		E96C64D81A37CBC9008A8FDE /* sage_fatigue2.png */ = {isa = PBXFileReference; lastKnownFileType = image.png; name = sage_fatigue2.png; path = ../../../../Downloads/sage_moodquestions/sage_fatigue2.png; sourceTree = "<group>"; };
		E96C64D91A37CBC9008A8FDE /* sage_fatigue3.png */ = {isa = PBXFileReference; lastKnownFileType = image.png; name = sage_fatigue3.png; path = ../../../../Downloads/sage_moodquestions/sage_fatigue3.png; sourceTree = "<group>"; };
		E96C64DA1A37CBC9008A8FDE /* sage_fatigue4.png */ = {isa = PBXFileReference; lastKnownFileType = image.png; name = sage_fatigue4.png; path = ../../../../Downloads/sage_moodquestions/sage_fatigue4.png; sourceTree = "<group>"; };
		E96C64E01A38B844008A8FDE /* typicons.ttf */ = {isa = PBXFileReference; lastKnownFileType = file; path = typicons.ttf; sourceTree = "<group>"; };
		E96C64E21A38EA3F008A8FDE /* Answer.swift */ = {isa = PBXFileReference; fileEncoding = 4; lastKnownFileType = sourcecode.swift; name = Answer.swift; path = SurveyApp/Model/Answer.swift; sourceTree = "<group>"; };
		E96C64E41A38EA51008A8FDE /* Response.swift */ = {isa = PBXFileReference; fileEncoding = 4; lastKnownFileType = sourcecode.swift; name = Response.swift; path = SurveyApp/Model/Response.swift; sourceTree = "<group>"; };
		E96C64E61A392E8F008A8FDE /* MediaBrowserViewController.swift */ = {isa = PBXFileReference; fileEncoding = 4; lastKnownFileType = sourcecode.swift; path = MediaBrowserViewController.swift; sourceTree = "<group>"; };
		E9B24AA91A2FBD9000903FEE /* SurveyApp.app */ = {isa = PBXFileReference; explicitFileType = wrapper.application; includeInIndex = 0; path = SurveyApp.app; sourceTree = BUILT_PRODUCTS_DIR; };
		E9B24AAD1A2FBD9000903FEE /* Info.plist */ = {isa = PBXFileReference; lastKnownFileType = text.plist.xml; path = Info.plist; sourceTree = "<group>"; };
		E9B24AAE1A2FBD9000903FEE /* AppDelegate.swift */ = {isa = PBXFileReference; lastKnownFileType = sourcecode.swift; path = AppDelegate.swift; sourceTree = "<group>"; };
		E9B24AB01A2FBD9000903FEE /* SurveyViewController.swift */ = {isa = PBXFileReference; lastKnownFileType = sourcecode.swift; path = SurveyViewController.swift; sourceTree = "<group>"; };
		E9B24AB21A2FBD9000903FEE /* QuestionViewController.swift */ = {isa = PBXFileReference; lastKnownFileType = sourcecode.swift; path = QuestionViewController.swift; sourceTree = "<group>"; };
		E9B24AB71A2FBD9000903FEE /* Base */ = {isa = PBXFileReference; lastKnownFileType = file.storyboard; name = Base; path = Base.lproj/Main.storyboard; sourceTree = "<group>"; };
		E9B24AB91A2FBD9000903FEE /* Images.xcassets */ = {isa = PBXFileReference; lastKnownFileType = folder.assetcatalog; path = Images.xcassets; sourceTree = "<group>"; };
		E9B24ABC1A2FBD9000903FEE /* Base */ = {isa = PBXFileReference; lastKnownFileType = file.xib; name = Base; path = Base.lproj/LaunchScreen.xib; sourceTree = "<group>"; };
		E9B24AC21A2FBD9000903FEE /* SurveyAppTests.xctest */ = {isa = PBXFileReference; explicitFileType = wrapper.cfbundle; includeInIndex = 0; path = SurveyAppTests.xctest; sourceTree = BUILT_PRODUCTS_DIR; };
		E9B24AC71A2FBD9000903FEE /* Info.plist */ = {isa = PBXFileReference; lastKnownFileType = text.plist.xml; path = Info.plist; sourceTree = "<group>"; };
		E9B24AC81A2FBD9000903FEE /* SurveyAppTests.swift */ = {isa = PBXFileReference; lastKnownFileType = sourcecode.swift; path = SurveyAppTests.swift; sourceTree = "<group>"; };
		E9B24AD31A32206500903FEE /* Question.swift */ = {isa = PBXFileReference; fileEncoding = 4; lastKnownFileType = sourcecode.swift; name = Question.swift; path = SurveyApp/Model/Question.swift; sourceTree = "<group>"; };
		E9B24AE21A322E5000903FEE /* Questions.json */ = {isa = PBXFileReference; fileEncoding = 4; lastKnownFileType = text.json; name = Questions.json; path = Data/Questions.json; sourceTree = "<group>"; };
		E9B24AE61A32446200903FEE /* Survey.swift */ = {isa = PBXFileReference; fileEncoding = 4; lastKnownFileType = sourcecode.swift; name = Survey.swift; path = SurveyApp/Model/Survey.swift; sourceTree = "<group>"; };
		E9B24AEE1A34C49E00903FEE /* DataStore.swift */ = {isa = PBXFileReference; fileEncoding = 4; lastKnownFileType = sourcecode.swift; name = DataStore.swift; path = SurveyApp/Model/DataStore.swift; sourceTree = "<group>"; };
		E9B24AF01A3516B400903FEE /* QTextChoicesViewController.swift */ = {isa = PBXFileReference; fileEncoding = 4; lastKnownFileType = sourcecode.swift; path = QTextChoicesViewController.swift; sourceTree = "<group>"; };
		E9B24AF21A36080C00903FEE /* QBoolViewContoller.swift */ = {isa = PBXFileReference; fileEncoding = 4; lastKnownFileType = sourcecode.swift; path = QBoolViewContoller.swift; sourceTree = "<group>"; };
		E9B24AF41A361EF600903FEE /* QAudioViewController.swift */ = {isa = PBXFileReference; fileEncoding = 4; lastKnownFileType = sourcecode.swift; path = QAudioViewController.swift; sourceTree = "<group>"; };
		E9B24AF61A36225200903FEE /* AVFoundation.framework */ = {isa = PBXFileReference; lastKnownFileType = wrapper.framework; name = AVFoundation.framework; path = System/Library/Frameworks/AVFoundation.framework; sourceTree = SDKROOT; };
		E9B24AFC1A362CD500903FEE /* Alamofire.h */ = {isa = PBXFileReference; fileEncoding = 4; lastKnownFileType = sourcecode.c.h; name = Alamofire.h; path = "Alamofire-SwiftyJSON/Alamofire/Source/Alamofire.h"; sourceTree = "<group>"; };
		E9B24AFD1A362CD500903FEE /* Alamofire.swift */ = {isa = PBXFileReference; fileEncoding = 4; lastKnownFileType = sourcecode.swift; name = Alamofire.swift; path = "Alamofire-SwiftyJSON/Alamofire/Source/Alamofire.swift"; sourceTree = "<group>"; };
		E9B24AFF1A362CE900903FEE /* SwiftyJSON.h */ = {isa = PBXFileReference; fileEncoding = 4; lastKnownFileType = sourcecode.c.h; name = SwiftyJSON.h; path = "Alamofire-SwiftyJSON/SwiftyJSON/Source/SwiftyJSON.h"; sourceTree = "<group>"; };
		E9B24B001A362CE900903FEE /* SwiftyJSON.swift */ = {isa = PBXFileReference; fileEncoding = 4; lastKnownFileType = sourcecode.swift; name = SwiftyJSON.swift; path = "Alamofire-SwiftyJSON/SwiftyJSON/Source/SwiftyJSON.swift"; sourceTree = "<group>"; };
		E9EA16E71A3DF24B00010DDD /* Ohmage2Sink.swift */ = {isa = PBXFileReference; fileEncoding = 4; lastKnownFileType = sourcecode.swift; name = Ohmage2Sink.swift; path = Sinks/Ohmage2/Ohmage2Sink.swift; sourceTree = "<group>"; };
/* End PBXFileReference section */

/* Begin PBXFrameworksBuildPhase section */
		E9B24AA61A2FBD9000903FEE /* Frameworks */ = {
			isa = PBXFrameworksBuildPhase;
			buildActionMask = 2147483647;
			files = (
				E92B102E1A366A66005BFDFE /* QuartzCore.framework in Frameworks */,
				E92B102A1A363ABA005BFDFE /* MediaPlayer.framework in Frameworks */,
				E9B24AF71A36225200903FEE /* AVFoundation.framework in Frameworks */,
				DCC89C76E6AE9D432C78CDCF /* libPods.a in Frameworks */,
			);
			runOnlyForDeploymentPostprocessing = 0;
		};
		E9B24ABF1A2FBD9000903FEE /* Frameworks */ = {
			isa = PBXFrameworksBuildPhase;
			buildActionMask = 2147483647;
			files = (
			);
			runOnlyForDeploymentPostprocessing = 0;
		};
/* End PBXFrameworksBuildPhase section */

/* Begin PBXGroup section */
		259475211F29E579DE25AA62 /* Frameworks */ = {
			isa = PBXGroup;
			children = (
				86E4080ED3DC4AA4306B0CD1 /* libPods.a */,
			);
			name = Frameworks;
			sourceTree = "<group>";
		};
		480CFC6354186974877E9663 /* Pods */ = {
			isa = PBXGroup;
			children = (
				BEDF7E2CE8A08A079A220AE0 /* Pods.debug.xcconfig */,
				AE3DBFE6C5B04195FF1E4221 /* Pods.release.xcconfig */,
			);
			name = Pods;
			sourceTree = "<group>";
		};
		E91F3AA11A3DE7A300081821 /* Sinks */ = {
			isa = PBXGroup;
			children = (
				E91F3A9F1A3DE79100081821 /* Ohmage2Client.m */,
				E91F3AA31A3DE7D600081821 /* Ohmage2Client.h */,
				E9EA16E71A3DF24B00010DDD /* Ohmage2Sink.swift */,
			);
			name = Sinks;
			sourceTree = "<group>";
		};
		E9B24AA01A2FBD9000903FEE = {
			isa = PBXGroup;
			children = (
				E9B24AF61A36225200903FEE /* AVFoundation.framework */,
				E92B102D1A366A66005BFDFE /* QuartzCore.framework */,
				E92B10291A363ABA005BFDFE /* MediaPlayer.framework */,
				E9B24AAB1A2FBD9000903FEE /* SurveyApp */,
				E9B24AC51A2FBD9000903FEE /* SurveyAppTests */,
				E9B24AAA1A2FBD9000903FEE /* Products */,
				480CFC6354186974877E9663 /* Pods */,
				259475211F29E579DE25AA62 /* Frameworks */,
			);
			sourceTree = "<group>";
		};
		E9B24AAA1A2FBD9000903FEE /* Products */ = {
			isa = PBXGroup;
			children = (
				E9B24AA91A2FBD9000903FEE /* SurveyApp.app */,
				E9B24AC21A2FBD9000903FEE /* SurveyAppTests.xctest */,
			);
			name = Products;
			sourceTree = "<group>";
		};
		E9B24AAB1A2FBD9000903FEE /* SurveyApp */ = {
			isa = PBXGroup;
			children = (
				E91F3AA11A3DE7A300081821 /* Sinks */,
				E9B24AD21A32202A00903FEE /* Model */,
				E9B24AAE1A2FBD9000903FEE /* AppDelegate.swift */,
				E9B24AB01A2FBD9000903FEE /* SurveyViewController.swift */,
				E92B102B1A364F9F005BFDFE /* HomeViewController.swift */,
				E96C64E61A392E8F008A8FDE /* MediaBrowserViewController.swift */,
				E961F05F1A40C0F200932EB4 /* DataUploadViewController.swift */,
				E9B24AB21A2FBD9000903FEE /* QuestionViewController.swift */,
				E9B24AF41A361EF600903FEE /* QAudioViewController.swift */,
				E9B24AF21A36080C00903FEE /* QBoolViewContoller.swift */,
				E96C64D41A37C70A008A8FDE /* QImgChoiceViewController.swift */,
				E92B102F1A379B84005BFDFE /* QRangeViewController.swift */,
				E9B24AF01A3516B400903FEE /* QTextChoicesViewController.swift */,
				E9B24AB61A2FBD9000903FEE /* Main.storyboard */,
				E9B24AB91A2FBD9000903FEE /* Images.xcassets */,
				E9B24ABB1A2FBD9000903FEE /* LaunchScreen.xib */,
				E9B24B051A362CFC00903FEE /* Alamofire-Swifty */,
				E9B24AAC1A2FBD9000903FEE /* Supporting Files */,
				E91F3A9E1A3DE79000081821 /* SurveyApp-Bridging-Header.h */,
			);
			path = SurveyApp;
			sourceTree = "<group>";
		};
		E9B24AAC1A2FBD9000903FEE /* Supporting Files */ = {
			isa = PBXGroup;
			children = (
				E96C64E01A38B844008A8FDE /* typicons.ttf */,
				E96C64D61A37CBC9008A8FDE /* sage_fatigue0.png */,
				E96C64D71A37CBC9008A8FDE /* sage_fatigue1.png */,
				E96C64D81A37CBC9008A8FDE /* sage_fatigue2.png */,
				E96C64D91A37CBC9008A8FDE /* sage_fatigue3.png */,
				E96C64DA1A37CBC9008A8FDE /* sage_fatigue4.png */,
				E9B24AAD1A2FBD9000903FEE /* Info.plist */,
				E9B24AE21A322E5000903FEE /* Questions.json */,
			);
			name = "Supporting Files";
			sourceTree = "<group>";
		};
		E9B24AC51A2FBD9000903FEE /* SurveyAppTests */ = {
			isa = PBXGroup;
			children = (
				E9B24AC81A2FBD9000903FEE /* SurveyAppTests.swift */,
				E9B24AC61A2FBD9000903FEE /* Supporting Files */,
			);
			path = SurveyAppTests;
			sourceTree = "<group>";
		};
		E9B24AC61A2FBD9000903FEE /* Supporting Files */ = {
			isa = PBXGroup;
			children = (
				E9B24AC71A2FBD9000903FEE /* Info.plist */,
			);
			name = "Supporting Files";
			sourceTree = "<group>";
		};
		E9B24AD21A32202A00903FEE /* Model */ = {
			isa = PBXGroup;
			children = (
				E9B24AD31A32206500903FEE /* Question.swift */,
				E9B24AE61A32446200903FEE /* Survey.swift */,
				E9B24AEE1A34C49E00903FEE /* DataStore.swift */,
				E96C64E21A38EA3F008A8FDE /* Answer.swift */,
				E96C64E41A38EA51008A8FDE /* Response.swift */,
			);
			name = Model;
			path = ..;
			sourceTree = "<group>";
		};
		E9B24B051A362CFC00903FEE /* Alamofire-Swifty */ = {
			isa = PBXGroup;
			children = (
				E9B24AFF1A362CE900903FEE /* SwiftyJSON.h */,
				E9B24B001A362CE900903FEE /* SwiftyJSON.swift */,
				E9B24AFC1A362CD500903FEE /* Alamofire.h */,
				E9B24AFD1A362CD500903FEE /* Alamofire.swift */,
			);
			name = "Alamofire-Swifty";
			path = ..;
			sourceTree = "<group>";
		};
/* End PBXGroup section */

/* Begin PBXNativeTarget section */
		E9B24AA81A2FBD9000903FEE /* SurveyApp */ = {
			isa = PBXNativeTarget;
			buildConfigurationList = E9B24ACC1A2FBD9000903FEE /* Build configuration list for PBXNativeTarget "SurveyApp" */;
			buildPhases = (
				209CE61B4125041A73A75010 /* Check Pods Manifest.lock */,
				E9B24AA51A2FBD9000903FEE /* Sources */,
				E9B24AA61A2FBD9000903FEE /* Frameworks */,
				E9B24AA71A2FBD9000903FEE /* Resources */,
				B43FBCC60F89406CD9EC39C8 /* Copy Pods Resources */,
			);
			buildRules = (
			);
			dependencies = (
			);
			name = SurveyApp;
			productName = SurveyApp;
			productReference = E9B24AA91A2FBD9000903FEE /* SurveyApp.app */;
			productType = "com.apple.product-type.application";
		};
		E9B24AC11A2FBD9000903FEE /* SurveyAppTests */ = {
			isa = PBXNativeTarget;
			buildConfigurationList = E9B24ACF1A2FBD9000903FEE /* Build configuration list for PBXNativeTarget "SurveyAppTests" */;
			buildPhases = (
				E9B24ABE1A2FBD9000903FEE /* Sources */,
				E9B24ABF1A2FBD9000903FEE /* Frameworks */,
				E9B24AC01A2FBD9000903FEE /* Resources */,
			);
			buildRules = (
			);
			dependencies = (
				E9B24AC41A2FBD9000903FEE /* PBXTargetDependency */,
			);
			name = SurveyAppTests;
			productName = SurveyAppTests;
			productReference = E9B24AC21A2FBD9000903FEE /* SurveyAppTests.xctest */;
			productType = "com.apple.product-type.bundle.unit-test";
		};
/* End PBXNativeTarget section */

/* Begin PBXProject section */
		E9B24AA11A2FBD9000903FEE /* Project object */ = {
			isa = PBXProject;
			attributes = {
				LastUpgradeCheck = 0610;
				ORGANIZATIONNAME = "Christian Kellner";
				TargetAttributes = {
					E9B24AA81A2FBD9000903FEE = {
						CreatedOnToolsVersion = 6.1.1;
						DevelopmentTeam = 42RKK3EW2J;
					};
					E9B24AC11A2FBD9000903FEE = {
						CreatedOnToolsVersion = 6.1.1;
						TestTargetID = E9B24AA81A2FBD9000903FEE;
					};
				};
			};
			buildConfigurationList = E9B24AA41A2FBD9000903FEE /* Build configuration list for PBXProject "SurveyApp" */;
			compatibilityVersion = "Xcode 3.2";
			developmentRegion = English;
			hasScannedForEncodings = 0;
			knownRegions = (
				en,
				Base,
			);
			mainGroup = E9B24AA01A2FBD9000903FEE;
			productRefGroup = E9B24AAA1A2FBD9000903FEE /* Products */;
			projectDirPath = "";
			projectRoot = "";
			targets = (
				E9B24AA81A2FBD9000903FEE /* SurveyApp */,
				E9B24AC11A2FBD9000903FEE /* SurveyAppTests */,
			);
		};
/* End PBXProject section */

/* Begin PBXResourcesBuildPhase section */
		E9B24AA71A2FBD9000903FEE /* Resources */ = {
			isa = PBXResourcesBuildPhase;
			buildActionMask = 2147483647;
			files = (
				E96C64DB1A37CBC9008A8FDE /* sage_fatigue0.png in Resources */,
				E96C64DC1A37CBC9008A8FDE /* sage_fatigue1.png in Resources */,
				E9B24AB81A2FBD9000903FEE /* Main.storyboard in Resources */,
				E96C64DE1A37CBC9008A8FDE /* sage_fatigue3.png in Resources */,
				E96C64DF1A37CBC9008A8FDE /* sage_fatigue4.png in Resources */,
				E96C64DD1A37CBC9008A8FDE /* sage_fatigue2.png in Resources */,
				E9B24AE31A322E5000903FEE /* Questions.json in Resources */,
				E9B24ABD1A2FBD9000903FEE /* LaunchScreen.xib in Resources */,
				E9B24ABA1A2FBD9000903FEE /* Images.xcassets in Resources */,
				E96C64E11A38B844008A8FDE /* typicons.ttf in Resources */,
			);
			runOnlyForDeploymentPostprocessing = 0;
		};
		E9B24AC01A2FBD9000903FEE /* Resources */ = {
			isa = PBXResourcesBuildPhase;
			buildActionMask = 2147483647;
			files = (
			);
			runOnlyForDeploymentPostprocessing = 0;
		};
/* End PBXResourcesBuildPhase section */

/* Begin PBXShellScriptBuildPhase section */
		209CE61B4125041A73A75010 /* Check Pods Manifest.lock */ = {
			isa = PBXShellScriptBuildPhase;
			buildActionMask = 2147483647;
			files = (
			);
			inputPaths = (
			);
			name = "Check Pods Manifest.lock";
			outputPaths = (
			);
			runOnlyForDeploymentPostprocessing = 0;
			shellPath = /bin/sh;
			shellScript = "diff \"${PODS_ROOT}/../Podfile.lock\" \"${PODS_ROOT}/Manifest.lock\" > /dev/null\nif [[ $? != 0 ]] ; then\n    cat << EOM\nerror: The sandbox is not in sync with the Podfile.lock. Run 'pod install' or update your CocoaPods installation.\nEOM\n    exit 1\nfi\n";
			showEnvVarsInLog = 0;
		};
		B43FBCC60F89406CD9EC39C8 /* Copy Pods Resources */ = {
			isa = PBXShellScriptBuildPhase;
			buildActionMask = 2147483647;
			files = (
			);
			inputPaths = (
			);
			name = "Copy Pods Resources";
			outputPaths = (
			);
			runOnlyForDeploymentPostprocessing = 0;
			shellPath = /bin/sh;
			shellScript = "\"${SRCROOT}/Pods/Target Support Files/Pods/Pods-resources.sh\"\n";
			showEnvVarsInLog = 0;
		};
/* End PBXShellScriptBuildPhase section */

/* Begin PBXSourcesBuildPhase section */
		E9B24AA51A2FBD9000903FEE /* Sources */ = {
			isa = PBXSourcesBuildPhase;
			buildActionMask = 2147483647;
			files = (
				E9B24AD41A32206500903FEE /* Question.swift in Sources */,
				E96C64E71A392E8F008A8FDE /* MediaBrowserViewController.swift in Sources */,
				E91F3AA01A3DE79100081821 /* Ohmage2Client.m in Sources */,
				E9B24AEF1A34C49E00903FEE /* DataStore.swift in Sources */,
				E9B24AB11A2FBD9000903FEE /* SurveyViewController.swift in Sources */,
				E9B24B011A362CE900903FEE /* SwiftyJSON.swift in Sources */,
				E92B10301A379B84005BFDFE /* QRangeViewController.swift in Sources */,
				E9B24AE71A32446200903FEE /* Survey.swift in Sources */,
				E9B24AB31A2FBD9000903FEE /* QuestionViewController.swift in Sources */,
				E9B24AF31A36080C00903FEE /* QBoolViewContoller.swift in Sources */,
				E96C64E51A38EA51008A8FDE /* Response.swift in Sources */,
				E9B24AFE1A362CD500903FEE /* Alamofire.swift in Sources */,
				E9B24AF51A361EF600903FEE /* QAudioViewController.swift in Sources */,
				E9EA16E81A3DF24B00010DDD /* Ohmage2Sink.swift in Sources */,
				E9B24AAF1A2FBD9000903FEE /* AppDelegate.swift in Sources */,
				E9B24AF11A3516B400903FEE /* QTextChoicesViewController.swift in Sources */,
				E96C64E31A38EA3F008A8FDE /* Answer.swift in Sources */,
				E961F0601A40C0F200932EB4 /* DataUploadViewController.swift in Sources */,
				E92B102C1A364F9F005BFDFE /* HomeViewController.swift in Sources */,
				E96C64D51A37C70A008A8FDE /* QImgChoiceViewController.swift in Sources */,
			);
			runOnlyForDeploymentPostprocessing = 0;
		};
		E9B24ABE1A2FBD9000903FEE /* Sources */ = {
			isa = PBXSourcesBuildPhase;
			buildActionMask = 2147483647;
			files = (
				E9B24AC91A2FBD9000903FEE /* SurveyAppTests.swift in Sources */,
			);
			runOnlyForDeploymentPostprocessing = 0;
		};
/* End PBXSourcesBuildPhase section */

/* Begin PBXTargetDependency section */
		E9B24AC41A2FBD9000903FEE /* PBXTargetDependency */ = {
			isa = PBXTargetDependency;
			target = E9B24AA81A2FBD9000903FEE /* SurveyApp */;
			targetProxy = E9B24AC31A2FBD9000903FEE /* PBXContainerItemProxy */;
		};
/* End PBXTargetDependency section */

/* Begin PBXVariantGroup section */
		E9B24AB61A2FBD9000903FEE /* Main.storyboard */ = {
			isa = PBXVariantGroup;
			children = (
				E9B24AB71A2FBD9000903FEE /* Base */,
			);
			name = Main.storyboard;
			sourceTree = "<group>";
		};
		E9B24ABB1A2FBD9000903FEE /* LaunchScreen.xib */ = {
			isa = PBXVariantGroup;
			children = (
				E9B24ABC1A2FBD9000903FEE /* Base */,
			);
			name = LaunchScreen.xib;
			sourceTree = "<group>";
		};
/* End PBXVariantGroup section */

/* Begin XCBuildConfiguration section */
		E9B24ACA1A2FBD9000903FEE /* Debug */ = {
			isa = XCBuildConfiguration;
			buildSettings = {
				ALWAYS_SEARCH_USER_PATHS = NO;
				CLANG_CXX_LANGUAGE_STANDARD = "gnu++0x";
				CLANG_CXX_LIBRARY = "libc++";
				CLANG_ENABLE_MODULES = YES;
				CLANG_ENABLE_OBJC_ARC = YES;
				CLANG_WARN_BOOL_CONVERSION = YES;
				CLANG_WARN_CONSTANT_CONVERSION = YES;
				CLANG_WARN_DIRECT_OBJC_ISA_USAGE = YES_ERROR;
				CLANG_WARN_EMPTY_BODY = YES;
				CLANG_WARN_ENUM_CONVERSION = YES;
				CLANG_WARN_INT_CONVERSION = YES;
				CLANG_WARN_OBJC_ROOT_CLASS = YES_ERROR;
				CLANG_WARN_UNREACHABLE_CODE = YES;
				CLANG_WARN__DUPLICATE_METHOD_MATCH = YES;
				"CODE_SIGN_IDENTITY[sdk=iphoneos*]" = "iPhone Developer";
				COPY_PHASE_STRIP = NO;
				ENABLE_STRICT_OBJC_MSGSEND = YES;
				GCC_C_LANGUAGE_STANDARD = gnu99;
				GCC_DYNAMIC_NO_PIC = NO;
				GCC_OPTIMIZATION_LEVEL = 0;
				GCC_PREPROCESSOR_DEFINITIONS = (
					"DEBUG=1",
					"$(inherited)",
				);
				GCC_SYMBOLS_PRIVATE_EXTERN = NO;
				GCC_WARN_64_TO_32_BIT_CONVERSION = YES;
				GCC_WARN_ABOUT_RETURN_TYPE = YES_ERROR;
				GCC_WARN_UNDECLARED_SELECTOR = YES;
				GCC_WARN_UNINITIALIZED_AUTOS = YES_AGGRESSIVE;
				GCC_WARN_UNUSED_FUNCTION = YES;
				GCC_WARN_UNUSED_VARIABLE = YES;
				IPHONEOS_DEPLOYMENT_TARGET = 7.0;
				MTL_ENABLE_DEBUG_INFO = YES;
				ONLY_ACTIVE_ARCH = YES;
				SDKROOT = iphoneos;
				SWIFT_OPTIMIZATION_LEVEL = "-Onone";
				TARGETED_DEVICE_FAMILY = "1,2";
			};
			name = Debug;
		};
		E9B24ACB1A2FBD9000903FEE /* Release */ = {
			isa = XCBuildConfiguration;
			buildSettings = {
				ALWAYS_SEARCH_USER_PATHS = NO;
				CLANG_CXX_LANGUAGE_STANDARD = "gnu++0x";
				CLANG_CXX_LIBRARY = "libc++";
				CLANG_ENABLE_MODULES = YES;
				CLANG_ENABLE_OBJC_ARC = YES;
				CLANG_WARN_BOOL_CONVERSION = YES;
				CLANG_WARN_CONSTANT_CONVERSION = YES;
				CLANG_WARN_DIRECT_OBJC_ISA_USAGE = YES_ERROR;
				CLANG_WARN_EMPTY_BODY = YES;
				CLANG_WARN_ENUM_CONVERSION = YES;
				CLANG_WARN_INT_CONVERSION = YES;
				CLANG_WARN_OBJC_ROOT_CLASS = YES_ERROR;
				CLANG_WARN_UNREACHABLE_CODE = YES;
				CLANG_WARN__DUPLICATE_METHOD_MATCH = YES;
				"CODE_SIGN_IDENTITY[sdk=iphoneos*]" = "iPhone Developer";
				COPY_PHASE_STRIP = YES;
				ENABLE_NS_ASSERTIONS = NO;
				ENABLE_STRICT_OBJC_MSGSEND = YES;
				GCC_C_LANGUAGE_STANDARD = gnu99;
				GCC_WARN_64_TO_32_BIT_CONVERSION = YES;
				GCC_WARN_ABOUT_RETURN_TYPE = YES_ERROR;
				GCC_WARN_UNDECLARED_SELECTOR = YES;
				GCC_WARN_UNINITIALIZED_AUTOS = YES_AGGRESSIVE;
				GCC_WARN_UNUSED_FUNCTION = YES;
				GCC_WARN_UNUSED_VARIABLE = YES;
				IPHONEOS_DEPLOYMENT_TARGET = 7.0;
				MTL_ENABLE_DEBUG_INFO = NO;
				SDKROOT = iphoneos;
				TARGETED_DEVICE_FAMILY = "1,2";
				VALIDATE_PRODUCT = YES;
			};
			name = Release;
		};
		E9B24ACD1A2FBD9000903FEE /* Debug */ = {
			isa = XCBuildConfiguration;
			baseConfigurationReference = BEDF7E2CE8A08A079A220AE0 /* Pods.debug.xcconfig */;
			buildSettings = {
				ASSETCATALOG_COMPILER_APPICON_NAME = AppIcon;
				CLANG_ENABLE_MODULES = YES;
				CODE_SIGN_IDENTITY = "iPhone Developer";
				"CODE_SIGN_IDENTITY[sdk=iphoneos*]" = "iPhone Developer";
				INFOPLIST_FILE = SurveyApp/Info.plist;
				IPHONEOS_DEPLOYMENT_TARGET = 7.0;
				LD_RUNPATH_SEARCH_PATHS = "$(inherited) @executable_path/Frameworks";
				PRODUCT_NAME = "$(TARGET_NAME)";
				PROVISIONING_PROFILE = "";
				SWIFT_OBJC_BRIDGING_HEADER = "SurveyApp/SurveyApp-Bridging-Header.h";
				SWIFT_OPTIMIZATION_LEVEL = "-Onone";
			};
			name = Debug;
		};
		E9B24ACE1A2FBD9000903FEE /* Release */ = {
			isa = XCBuildConfiguration;
			baseConfigurationReference = AE3DBFE6C5B04195FF1E4221 /* Pods.release.xcconfig */;
			buildSettings = {
				ASSETCATALOG_COMPILER_APPICON_NAME = AppIcon;
				CLANG_ENABLE_MODULES = YES;
				CODE_SIGN_IDENTITY = "iPhone Developer";
				"CODE_SIGN_IDENTITY[sdk=iphoneos*]" = "iPhone Developer";
				INFOPLIST_FILE = SurveyApp/Info.plist;
				IPHONEOS_DEPLOYMENT_TARGET = 7.0;
				LD_RUNPATH_SEARCH_PATHS = "$(inherited) @executable_path/Frameworks";
				PRODUCT_NAME = "$(TARGET_NAME)";
				PROVISIONING_PROFILE = "";
				SWIFT_OBJC_BRIDGING_HEADER = "SurveyApp/SurveyApp-Bridging-Header.h";
			};
			name = Release;
		};
		E9B24AD01A2FBD9000903FEE /* Debug */ = {
			isa = XCBuildConfiguration;
			buildSettings = {
				BUNDLE_LOADER = "$(TEST_HOST)";
				FRAMEWORK_SEARCH_PATHS = (
					"$(SDKROOT)/Developer/Library/Frameworks",
					"$(inherited)",
				);
				GCC_PREPROCESSOR_DEFINITIONS = (
					"DEBUG=1",
					"$(inherited)",
				);
				INFOPLIST_FILE = SurveyAppTests/Info.plist;
				LD_RUNPATH_SEARCH_PATHS = "$(inherited) @executable_path/Frameworks @loader_path/Frameworks";
				PRODUCT_NAME = "$(TARGET_NAME)";
				TEST_HOST = "$(BUILT_PRODUCTS_DIR)/SurveyApp.app/SurveyApp";
			};
			name = Debug;
		};
		E9B24AD11A2FBD9000903FEE /* Release */ = {
			isa = XCBuildConfiguration;
			buildSettings = {
				BUNDLE_LOADER = "$(TEST_HOST)";
				FRAMEWORK_SEARCH_PATHS = (
					"$(SDKROOT)/Developer/Library/Frameworks",
					"$(inherited)",
				);
				INFOPLIST_FILE = SurveyAppTests/Info.plist;
				LD_RUNPATH_SEARCH_PATHS = "$(inherited) @executable_path/Frameworks @loader_path/Frameworks";
				PRODUCT_NAME = "$(TARGET_NAME)";
				TEST_HOST = "$(BUILT_PRODUCTS_DIR)/SurveyApp.app/SurveyApp";
			};
			name = Release;
		};
/* End XCBuildConfiguration section */

/* Begin XCConfigurationList section */
		E9B24AA41A2FBD9000903FEE /* Build configuration list for PBXProject "SurveyApp" */ = {
			isa = XCConfigurationList;
			buildConfigurations = (
				E9B24ACA1A2FBD9000903FEE /* Debug */,
				E9B24ACB1A2FBD9000903FEE /* Release */,
			);
			defaultConfigurationIsVisible = 0;
			defaultConfigurationName = Release;
		};
		E9B24ACC1A2FBD9000903FEE /* Build configuration list for PBXNativeTarget "SurveyApp" */ = {
			isa = XCConfigurationList;
			buildConfigurations = (
				E9B24ACD1A2FBD9000903FEE /* Debug */,
				E9B24ACE1A2FBD9000903FEE /* Release */,
			);
			defaultConfigurationIsVisible = 0;
			defaultConfigurationName = Release;
		};
		E9B24ACF1A2FBD9000903FEE /* Build configuration list for PBXNativeTarget "SurveyAppTests" */ = {
			isa = XCConfigurationList;
			buildConfigurations = (
				E9B24AD01A2FBD9000903FEE /* Debug */,
				E9B24AD11A2FBD9000903FEE /* Release */,
			);
			defaultConfigurationIsVisible = 0;
			defaultConfigurationName = Release;
		};
/* End XCConfigurationList section */
	};
	rootObject = E9B24AA11A2FBD9000903FEE /* Project object */;
}
